// !$*UTF8*$!
{
	archiveVersion = 1;
	classes = {
	};
	objectVersion = 46;
	objects = {

/* Begin PBXBuildFile section */
		4D90550515BB6C3D00778589 /* AFHTTPClient.m in Sources */ = {isa = PBXBuildFile; fileRef = 4D9054BA15BB6C3D00778589 /* AFHTTPClient.m */; settings = {COMPILER_FLAGS = "-fno-objc-arc"; }; };
		4D90550615BB6C3D00778589 /* AFHTTPRequestOperation.m in Sources */ = {isa = PBXBuildFile; fileRef = 4D9054BC15BB6C3D00778589 /* AFHTTPRequestOperation.m */; settings = {COMPILER_FLAGS = "-fno-objc-arc"; }; };
		4D90550715BB6C3D00778589 /* AFImageRequestOperation.m in Sources */ = {isa = PBXBuildFile; fileRef = 4D9054BE15BB6C3D00778589 /* AFImageRequestOperation.m */; settings = {COMPILER_FLAGS = "-fno-objc-arc"; }; };
		4D90550815BB6C3D00778589 /* AFJSONRequestOperation.m in Sources */ = {isa = PBXBuildFile; fileRef = 4D9054C015BB6C3D00778589 /* AFJSONRequestOperation.m */; settings = {COMPILER_FLAGS = "-fno-objc-arc"; }; };
		4D90550915BB6C3D00778589 /* AFJSONUtilities.m in Sources */ = {isa = PBXBuildFile; fileRef = 4D9054C215BB6C3D00778589 /* AFJSONUtilities.m */; settings = {COMPILER_FLAGS = "-fno-objc-arc"; }; };
		4D90550A15BB6C3D00778589 /* AFNetworkActivityIndicatorManager.m in Sources */ = {isa = PBXBuildFile; fileRef = 4D9054C415BB6C3D00778589 /* AFNetworkActivityIndicatorManager.m */; settings = {COMPILER_FLAGS = "-fno-objc-arc"; }; };
		4D90550B15BB6C3D00778589 /* AFPropertyListRequestOperation.m in Sources */ = {isa = PBXBuildFile; fileRef = 4D9054C715BB6C3D00778589 /* AFPropertyListRequestOperation.m */; settings = {COMPILER_FLAGS = "-fno-objc-arc"; }; };
		4D90550C15BB6C3D00778589 /* AFURLConnectionOperation.m in Sources */ = {isa = PBXBuildFile; fileRef = 4D9054C915BB6C3D00778589 /* AFURLConnectionOperation.m */; settings = {COMPILER_FLAGS = "-fno-objc-arc"; }; };
		4D90550D15BB6C3D00778589 /* AFXMLRequestOperation.m in Sources */ = {isa = PBXBuildFile; fileRef = 4D9054CB15BB6C3D00778589 /* AFXMLRequestOperation.m */; settings = {COMPILER_FLAGS = "-fno-objc-arc"; }; };
		4D90550E15BB6C3D00778589 /* UIImageView+AFNetworking.m in Sources */ = {isa = PBXBuildFile; fileRef = 4D9054CD15BB6C3D00778589 /* UIImageView+AFNetworking.m */; settings = {COMPILER_FLAGS = "-fno-objc-arc"; }; };
		4D90553615BB6D4400778589 /* SystemConfiguration.framework in Frameworks */ = {isa = PBXBuildFile; fileRef = 4D90553515BB6D4400778589 /* SystemConfiguration.framework */; };
		4D90553815BB6D4900778589 /* CFNetwork.framework in Frameworks */ = {isa = PBXBuildFile; fileRef = 4D90553715BB6D4900778589 /* CFNetwork.framework */; };
		4D90558A15BB6EDE00778589 /* InneractiveAdSDK-v112-S.a in Frameworks */ = {isa = PBXBuildFile; fileRef = 4D90553F15BB6EDE00778589 /* InneractiveAdSDK-v112-S.a */; };
		4D90558B15BB6EDE00778589 /* JSONKit.m in Sources */ = {isa = PBXBuildFile; fileRef = 4D90554215BB6EDE00778589 /* JSONKit.m */; settings = {COMPILER_FLAGS = "-fno-objc-arc"; }; };
		4D90558C15BB6EDE00778589 /* YAJLIOS.framework in Frameworks */ = {isa = PBXBuildFile; fileRef = 4D90554415BB6EDE00778589 /* YAJLIOS.framework */; };
		4D90558D15BB6EDE00778589 /* Base64Transcoder.c in Sources */ = {isa = PBXBuildFile; fileRef = 4D90554715BB6EDE00778589 /* Base64Transcoder.c */; settings = {COMPILER_FLAGS = "-fno-objc-arc"; }; };
		4D90558E15BB6EDE00778589 /* NSMutableURLRequest+Parameters.m in Sources */ = {isa = PBXBuildFile; fileRef = 4D90554A15BB6EDE00778589 /* NSMutableURLRequest+Parameters.m */; settings = {COMPILER_FLAGS = "-fno-objc-arc"; }; };
		4D90558F15BB6EDE00778589 /* NSString+URLEncoding.m in Sources */ = {isa = PBXBuildFile; fileRef = 4D90554C15BB6EDE00778589 /* NSString+URLEncoding.m */; settings = {COMPILER_FLAGS = "-fno-objc-arc"; }; };
		4D90559015BB6EDE00778589 /* NSURL+Base.m in Sources */ = {isa = PBXBuildFile; fileRef = 4D90554E15BB6EDE00778589 /* NSURL+Base.m */; settings = {COMPILER_FLAGS = "-fno-objc-arc"; }; };
		4D90559115BB6EDE00778589 /* OAAsynchronousDataFetcher.m in Sources */ = {isa = PBXBuildFile; fileRef = 4D90555015BB6EDE00778589 /* OAAsynchronousDataFetcher.m */; settings = {COMPILER_FLAGS = "-fno-objc-arc"; }; };
		4D90559215BB6EDE00778589 /* OAConsumer.m in Sources */ = {isa = PBXBuildFile; fileRef = 4D90555215BB6EDE00778589 /* OAConsumer.m */; settings = {COMPILER_FLAGS = "-fno-objc-arc"; }; };
		4D90559315BB6EDE00778589 /* OADataFetcher.m in Sources */ = {isa = PBXBuildFile; fileRef = 4D90555415BB6EDE00778589 /* OADataFetcher.m */; settings = {COMPILER_FLAGS = "-fno-objc-arc"; }; };
		4D90559415BB6EDE00778589 /* OAHMAC_SHA1SignatureProvider.m in Sources */ = {isa = PBXBuildFile; fileRef = 4D90555615BB6EDE00778589 /* OAHMAC_SHA1SignatureProvider.m */; settings = {COMPILER_FLAGS = "-fno-objc-arc"; }; };
		4D90559515BB6EDE00778589 /* OAMutableURLRequest.m in Sources */ = {isa = PBXBuildFile; fileRef = 4D90555815BB6EDE00778589 /* OAMutableURLRequest.m */; settings = {COMPILER_FLAGS = "-fno-objc-arc"; }; };
		4D90559615BB6EDE00778589 /* OAPlaintextSignatureProvider.m in Sources */ = {isa = PBXBuildFile; fileRef = 4D90555A15BB6EDE00778589 /* OAPlaintextSignatureProvider.m */; settings = {COMPILER_FLAGS = "-fno-objc-arc"; }; };
		4D90559715BB6EDE00778589 /* OARequestParameter.m in Sources */ = {isa = PBXBuildFile; fileRef = 4D90555C15BB6EDE00778589 /* OARequestParameter.m */; settings = {COMPILER_FLAGS = "-fno-objc-arc"; }; };
		4D90559815BB6EDE00778589 /* OAServiceTicket.m in Sources */ = {isa = PBXBuildFile; fileRef = 4D90555E15BB6EDE00778589 /* OAServiceTicket.m */; settings = {COMPILER_FLAGS = "-fno-objc-arc"; }; };
		4D90559915BB6EDE00778589 /* OAToken.m in Sources */ = {isa = PBXBuildFile; fileRef = 4D90556115BB6EDE00778589 /* OAToken.m */; settings = {COMPILER_FLAGS = "-fno-objc-arc"; }; };
		4D90559A15BB6EDE00778589 /* Reachability.m in Sources */ = {isa = PBXBuildFile; fileRef = 4D90556515BB6EDE00778589 /* Reachability.m */; settings = {COMPILER_FLAGS = "-fno-objc-arc"; }; };
		4D90559B15BB6EDE00778589 /* SecureUDID.m in Sources */ = {isa = PBXBuildFile; fileRef = 4D90556815BB6EDE00778589 /* SecureUDID.m */; settings = {COMPILER_FLAGS = "-fno-objc-arc"; }; };
		4D90559C15BB6EDE00778589 /* SMFile.m in Sources */ = {isa = PBXBuildFile; fileRef = 4D90556A15BB6EDE00778589 /* SMFile.m */; settings = {COMPILER_FLAGS = "-fno-objc-arc"; }; };
		4D90559D15BB6EDE00778589 /* SMGeoPoint.m in Sources */ = {isa = PBXBuildFile; fileRef = 4D90556C15BB6EDE00778589 /* SMGeoPoint.m */; settings = {COMPILER_FLAGS = "-fno-objc-arc"; }; };
		4D90559E15BB6EDE00778589 /* StackMob.m in Sources */ = {isa = PBXBuildFile; fileRef = 4D90556E15BB6EDE00778589 /* StackMob.m */; settings = {COMPILER_FLAGS = "-fno-objc-arc"; }; };
		4D90559F15BB6EDE00778589 /* StackMobAccessTokenRequest.m in Sources */ = {isa = PBXBuildFile; fileRef = 4D90557015BB6EDE00778589 /* StackMobAccessTokenRequest.m */; settings = {COMPILER_FLAGS = "-fno-objc-arc"; }; };
		4D9055A015BB6EDE00778589 /* StackMobAdditions.m in Sources */ = {isa = PBXBuildFile; fileRef = 4D90557215BB6EDE00778589 /* StackMobAdditions.m */; settings = {COMPILER_FLAGS = "-fno-objc-arc"; }; };
		4D9055A115BB6EDE00778589 /* StackMobBulkRequest.m in Sources */ = {isa = PBXBuildFile; fileRef = 4D90557415BB6EDE00778589 /* StackMobBulkRequest.m */; settings = {COMPILER_FLAGS = "-fno-objc-arc"; }; };
		4D9055A215BB6EDE00778589 /* StackMobClientData.m in Sources */ = {isa = PBXBuildFile; fileRef = 4D90557615BB6EDE00778589 /* StackMobClientData.m */; settings = {COMPILER_FLAGS = "-fno-objc-arc"; }; };
		4D9055A315BB6EDE00778589 /* StackMobCookieStore.m in Sources */ = {isa = PBXBuildFile; fileRef = 4D90557915BB6EDE00778589 /* StackMobCookieStore.m */; settings = {COMPILER_FLAGS = "-fno-objc-arc"; }; };
		4D9055A415BB6EDE00778589 /* StackMobHerokuRequest.m in Sources */ = {isa = PBXBuildFile; fileRef = 4D90557B15BB6EDE00778589 /* StackMobHerokuRequest.m */; settings = {COMPILER_FLAGS = "-fno-objc-arc"; }; };
		4D9055A515BB6EDE00778589 /* StackMobPushRequest.m in Sources */ = {isa = PBXBuildFile; fileRef = 4D90557D15BB6EDE00778589 /* StackMobPushRequest.m */; settings = {COMPILER_FLAGS = "-fno-objc-arc"; }; };
		4D9055A615BB6EDE00778589 /* StackMobQuery.m in Sources */ = {isa = PBXBuildFile; fileRef = 4D90557F15BB6EDE00778589 /* StackMobQuery.m */; settings = {COMPILER_FLAGS = "-fno-objc-arc"; }; };
		4D9055A715BB6EDE00778589 /* StackMobRequest.m in Sources */ = {isa = PBXBuildFile; fileRef = 4D90558115BB6EDE00778589 /* StackMobRequest.m */; settings = {COMPILER_FLAGS = "-fno-objc-arc"; }; };
		4D9055A815BB6EDE00778589 /* StackMobSession.m in Sources */ = {isa = PBXBuildFile; fileRef = 4D90558315BB6EDE00778589 /* StackMobSession.m */; settings = {COMPILER_FLAGS = "-fno-objc-arc"; }; };
		4D9055A915BB6EDE00778589 /* NSData+Base64.m in Sources */ = {isa = PBXBuildFile; fileRef = 4D90558715BB6EDE00778589 /* NSData+Base64.m */; settings = {COMPILER_FLAGS = "-fno-objc-arc"; }; };
		4D9055AA15BB6EDE00778589 /* NSData+JSON.m in Sources */ = {isa = PBXBuildFile; fileRef = 4D90558915BB6EDE00778589 /* NSData+JSON.m */; settings = {COMPILER_FLAGS = "-fno-objc-arc"; }; };
		4D9055B015BB743C00778589 /* CoreLocation.framework in Frameworks */ = {isa = PBXBuildFile; fileRef = 4D9055AF15BB743C00778589 /* CoreLocation.framework */; };
		4D9055BC15BB8F1500778589 /* deal_default.png in Resources */ = {isa = PBXBuildFile; fileRef = 4D9055BB15BB8F1500778589 /* deal_default.png */; };
		4DEB306B15BB57DF006DDE62 /* UIKit.framework in Frameworks */ = {isa = PBXBuildFile; fileRef = 4DEB306A15BB57DF006DDE62 /* UIKit.framework */; };
		4DEB306D15BB57DF006DDE62 /* Foundation.framework in Frameworks */ = {isa = PBXBuildFile; fileRef = 4DEB306C15BB57DF006DDE62 /* Foundation.framework */; };
		4DEB306F15BB57DF006DDE62 /* CoreGraphics.framework in Frameworks */ = {isa = PBXBuildFile; fileRef = 4DEB306E15BB57DF006DDE62 /* CoreGraphics.framework */; };
		4DEB307515BB57DF006DDE62 /* InfoPlist.strings in Resources */ = {isa = PBXBuildFile; fileRef = 4DEB307315BB57DF006DDE62 /* InfoPlist.strings */; };
		4DEB307715BB57DF006DDE62 /* main.m in Sources */ = {isa = PBXBuildFile; fileRef = 4DEB307615BB57DF006DDE62 /* main.m */; };
		4DEB307B15BB57DF006DDE62 /* AppDelegate.m in Sources */ = {isa = PBXBuildFile; fileRef = 4DEB307A15BB57DF006DDE62 /* AppDelegate.m */; };
		4DEB307E15BB57DF006DDE62 /* MainStoryboard_iPhone.storyboard in Resources */ = {isa = PBXBuildFile; fileRef = 4DEB307C15BB57DF006DDE62 /* MainStoryboard_iPhone.storyboard */; };
		4DEB308115BB57DF006DDE62 /* MainStoryboard_iPad.storyboard in Resources */ = {isa = PBXBuildFile; fileRef = 4DEB307F15BB57DF006DDE62 /* MainStoryboard_iPad.storyboard */; };
		4DEB308415BB57DF006DDE62 /* MainViewController.m in Sources */ = {isa = PBXBuildFile; fileRef = 4DEB308315BB57DF006DDE62 /* MainViewController.m */; };
		4DEB309215BB5DEA006DDE62 /* DealDetailViewController.m in Sources */ = {isa = PBXBuildFile; fileRef = 4DEB309115BB5DEA006DDE62 /* DealDetailViewController.m */; };
		4DEB309515BB60E7006DDE62 /* FilterViewController.m in Sources */ = {isa = PBXBuildFile; fileRef = 4DEB309415BB60E7006DDE62 /* FilterViewController.m */; };
/* End PBXBuildFile section */

/* Begin PBXFileReference section */
		4D9054B915BB6C3D00778589 /* AFHTTPClient.h */ = {isa = PBXFileReference; fileEncoding = 4; lastKnownFileType = sourcecode.c.h; path = AFHTTPClient.h; sourceTree = "<group>"; };
		4D9054BA15BB6C3D00778589 /* AFHTTPClient.m */ = {isa = PBXFileReference; fileEncoding = 4; lastKnownFileType = sourcecode.c.objc; path = AFHTTPClient.m; sourceTree = "<group>"; };
		4D9054BB15BB6C3D00778589 /* AFHTTPRequestOperation.h */ = {isa = PBXFileReference; fileEncoding = 4; lastKnownFileType = sourcecode.c.h; path = AFHTTPRequestOperation.h; sourceTree = "<group>"; };
		4D9054BC15BB6C3D00778589 /* AFHTTPRequestOperation.m */ = {isa = PBXFileReference; fileEncoding = 4; lastKnownFileType = sourcecode.c.objc; path = AFHTTPRequestOperation.m; sourceTree = "<group>"; };
		4D9054BD15BB6C3D00778589 /* AFImageRequestOperation.h */ = {isa = PBXFileReference; fileEncoding = 4; lastKnownFileType = sourcecode.c.h; path = AFImageRequestOperation.h; sourceTree = "<group>"; };
		4D9054BE15BB6C3D00778589 /* AFImageRequestOperation.m */ = {isa = PBXFileReference; fileEncoding = 4; lastKnownFileType = sourcecode.c.objc; path = AFImageRequestOperation.m; sourceTree = "<group>"; };
		4D9054BF15BB6C3D00778589 /* AFJSONRequestOperation.h */ = {isa = PBXFileReference; fileEncoding = 4; lastKnownFileType = sourcecode.c.h; path = AFJSONRequestOperation.h; sourceTree = "<group>"; };
		4D9054C015BB6C3D00778589 /* AFJSONRequestOperation.m */ = {isa = PBXFileReference; fileEncoding = 4; lastKnownFileType = sourcecode.c.objc; path = AFJSONRequestOperation.m; sourceTree = "<group>"; };
		4D9054C115BB6C3D00778589 /* AFJSONUtilities.h */ = {isa = PBXFileReference; fileEncoding = 4; lastKnownFileType = sourcecode.c.h; path = AFJSONUtilities.h; sourceTree = "<group>"; };
		4D9054C215BB6C3D00778589 /* AFJSONUtilities.m */ = {isa = PBXFileReference; fileEncoding = 4; lastKnownFileType = sourcecode.c.objc; path = AFJSONUtilities.m; sourceTree = "<group>"; };
		4D9054C315BB6C3D00778589 /* AFNetworkActivityIndicatorManager.h */ = {isa = PBXFileReference; fileEncoding = 4; lastKnownFileType = sourcecode.c.h; path = AFNetworkActivityIndicatorManager.h; sourceTree = "<group>"; };
		4D9054C415BB6C3D00778589 /* AFNetworkActivityIndicatorManager.m */ = {isa = PBXFileReference; fileEncoding = 4; lastKnownFileType = sourcecode.c.objc; path = AFNetworkActivityIndicatorManager.m; sourceTree = "<group>"; };
		4D9054C515BB6C3D00778589 /* AFNetworking.h */ = {isa = PBXFileReference; fileEncoding = 4; lastKnownFileType = sourcecode.c.h; path = AFNetworking.h; sourceTree = "<group>"; };
		4D9054C615BB6C3D00778589 /* AFPropertyListRequestOperation.h */ = {isa = PBXFileReference; fileEncoding = 4; lastKnownFileType = sourcecode.c.h; path = AFPropertyListRequestOperation.h; sourceTree = "<group>"; };
		4D9054C715BB6C3D00778589 /* AFPropertyListRequestOperation.m */ = {isa = PBXFileReference; fileEncoding = 4; lastKnownFileType = sourcecode.c.objc; path = AFPropertyListRequestOperation.m; sourceTree = "<group>"; };
		4D9054C815BB6C3D00778589 /* AFURLConnectionOperation.h */ = {isa = PBXFileReference; fileEncoding = 4; lastKnownFileType = sourcecode.c.h; path = AFURLConnectionOperation.h; sourceTree = "<group>"; };
		4D9054C915BB6C3D00778589 /* AFURLConnectionOperation.m */ = {isa = PBXFileReference; fileEncoding = 4; lastKnownFileType = sourcecode.c.objc; path = AFURLConnectionOperation.m; sourceTree = "<group>"; };
		4D9054CA15BB6C3D00778589 /* AFXMLRequestOperation.h */ = {isa = PBXFileReference; fileEncoding = 4; lastKnownFileType = sourcecode.c.h; path = AFXMLRequestOperation.h; sourceTree = "<group>"; };
		4D9054CB15BB6C3D00778589 /* AFXMLRequestOperation.m */ = {isa = PBXFileReference; fileEncoding = 4; lastKnownFileType = sourcecode.c.objc; path = AFXMLRequestOperation.m; sourceTree = "<group>"; };
		4D9054CC15BB6C3D00778589 /* UIImageView+AFNetworking.h */ = {isa = PBXFileReference; fileEncoding = 4; lastKnownFileType = sourcecode.c.h; path = "UIImageView+AFNetworking.h"; sourceTree = "<group>"; };
		4D9054CD15BB6C3D00778589 /* UIImageView+AFNetworking.m */ = {isa = PBXFileReference; fileEncoding = 4; lastKnownFileType = sourcecode.c.objc; path = "UIImageView+AFNetworking.m"; sourceTree = "<group>"; };
		4D90553515BB6D4400778589 /* SystemConfiguration.framework */ = {isa = PBXFileReference; lastKnownFileType = wrapper.framework; name = SystemConfiguration.framework; path = System/Library/Frameworks/SystemConfiguration.framework; sourceTree = SDKROOT; };
		4D90553715BB6D4900778589 /* CFNetwork.framework */ = {isa = PBXFileReference; lastKnownFileType = wrapper.framework; name = CFNetwork.framework; path = System/Library/Frameworks/CFNetwork.framework; sourceTree = SDKROOT; };
		4D90553D15BB6EDE00778589 /* InneractiveAd.h */ = {isa = PBXFileReference; fileEncoding = 4; lastKnownFileType = sourcecode.c.h; path = InneractiveAd.h; sourceTree = "<group>"; };
		4D90553F15BB6EDE00778589 /* InneractiveAdSDK-v112-S.a */ = {isa = PBXFileReference; lastKnownFileType = archive.ar; path = "InneractiveAdSDK-v112-S.a"; sourceTree = "<group>"; };
		4D90554115BB6EDE00778589 /* JSONKit.h */ = {isa = PBXFileReference; fileEncoding = 4; lastKnownFileType = sourcecode.c.h; path = JSONKit.h; sourceTree = "<group>"; };
		4D90554215BB6EDE00778589 /* JSONKit.m */ = {isa = PBXFileReference; fileEncoding = 4; lastKnownFileType = sourcecode.c.objc; path = JSONKit.m; sourceTree = "<group>"; };
		4D90554415BB6EDE00778589 /* YAJLIOS.framework */ = {isa = PBXFileReference; lastKnownFileType = wrapper.framework; path = YAJLIOS.framework; sourceTree = "<group>"; };
		4D90554715BB6EDE00778589 /* Base64Transcoder.c */ = {isa = PBXFileReference; fileEncoding = 4; lastKnownFileType = sourcecode.c.c; path = Base64Transcoder.c; sourceTree = "<group>"; };
		4D90554815BB6EDE00778589 /* Base64Transcoder.h */ = {isa = PBXFileReference; fileEncoding = 4; lastKnownFileType = sourcecode.c.h; path = Base64Transcoder.h; sourceTree = "<group>"; };
		4D90554915BB6EDE00778589 /* NSMutableURLRequest+Parameters.h */ = {isa = PBXFileReference; fileEncoding = 4; lastKnownFileType = sourcecode.c.h; path = "NSMutableURLRequest+Parameters.h"; sourceTree = "<group>"; };
		4D90554A15BB6EDE00778589 /* NSMutableURLRequest+Parameters.m */ = {isa = PBXFileReference; fileEncoding = 4; lastKnownFileType = sourcecode.c.objc; path = "NSMutableURLRequest+Parameters.m"; sourceTree = "<group>"; };
		4D90554B15BB6EDE00778589 /* NSString+URLEncoding.h */ = {isa = PBXFileReference; fileEncoding = 4; lastKnownFileType = sourcecode.c.h; path = "NSString+URLEncoding.h"; sourceTree = "<group>"; };
		4D90554C15BB6EDE00778589 /* NSString+URLEncoding.m */ = {isa = PBXFileReference; fileEncoding = 4; lastKnownFileType = sourcecode.c.objc; path = "NSString+URLEncoding.m"; sourceTree = "<group>"; };
		4D90554D15BB6EDE00778589 /* NSURL+Base.h */ = {isa = PBXFileReference; fileEncoding = 4; lastKnownFileType = sourcecode.c.h; path = "NSURL+Base.h"; sourceTree = "<group>"; };
		4D90554E15BB6EDE00778589 /* NSURL+Base.m */ = {isa = PBXFileReference; fileEncoding = 4; lastKnownFileType = sourcecode.c.objc; path = "NSURL+Base.m"; sourceTree = "<group>"; };
		4D90554F15BB6EDE00778589 /* OAAsynchronousDataFetcher.h */ = {isa = PBXFileReference; fileEncoding = 4; lastKnownFileType = sourcecode.c.h; path = OAAsynchronousDataFetcher.h; sourceTree = "<group>"; };
		4D90555015BB6EDE00778589 /* OAAsynchronousDataFetcher.m */ = {isa = PBXFileReference; fileEncoding = 4; lastKnownFileType = sourcecode.c.objc; path = OAAsynchronousDataFetcher.m; sourceTree = "<group>"; };
		4D90555115BB6EDE00778589 /* OAConsumer.h */ = {isa = PBXFileReference; fileEncoding = 4; lastKnownFileType = sourcecode.c.h; path = OAConsumer.h; sourceTree = "<group>"; };
		4D90555215BB6EDE00778589 /* OAConsumer.m */ = {isa = PBXFileReference; fileEncoding = 4; lastKnownFileType = sourcecode.c.objc; path = OAConsumer.m; sourceTree = "<group>"; };
		4D90555315BB6EDE00778589 /* OADataFetcher.h */ = {isa = PBXFileReference; fileEncoding = 4; lastKnownFileType = sourcecode.c.h; path = OADataFetcher.h; sourceTree = "<group>"; };
		4D90555415BB6EDE00778589 /* OADataFetcher.m */ = {isa = PBXFileReference; fileEncoding = 4; lastKnownFileType = sourcecode.c.objc; path = OADataFetcher.m; sourceTree = "<group>"; };
		4D90555515BB6EDE00778589 /* OAHMAC_SHA1SignatureProvider.h */ = {isa = PBXFileReference; fileEncoding = 4; lastKnownFileType = sourcecode.c.h; path = OAHMAC_SHA1SignatureProvider.h; sourceTree = "<group>"; };
		4D90555615BB6EDE00778589 /* OAHMAC_SHA1SignatureProvider.m */ = {isa = PBXFileReference; fileEncoding = 4; lastKnownFileType = sourcecode.c.objc; path = OAHMAC_SHA1SignatureProvider.m; sourceTree = "<group>"; };
		4D90555715BB6EDE00778589 /* OAMutableURLRequest.h */ = {isa = PBXFileReference; fileEncoding = 4; lastKnownFileType = sourcecode.c.h; path = OAMutableURLRequest.h; sourceTree = "<group>"; };
		4D90555815BB6EDE00778589 /* OAMutableURLRequest.m */ = {isa = PBXFileReference; fileEncoding = 4; lastKnownFileType = sourcecode.c.objc; path = OAMutableURLRequest.m; sourceTree = "<group>"; };
		4D90555915BB6EDE00778589 /* OAPlaintextSignatureProvider.h */ = {isa = PBXFileReference; fileEncoding = 4; lastKnownFileType = sourcecode.c.h; path = OAPlaintextSignatureProvider.h; sourceTree = "<group>"; };
		4D90555A15BB6EDE00778589 /* OAPlaintextSignatureProvider.m */ = {isa = PBXFileReference; fileEncoding = 4; lastKnownFileType = sourcecode.c.objc; path = OAPlaintextSignatureProvider.m; sourceTree = "<group>"; };
		4D90555B15BB6EDE00778589 /* OARequestParameter.h */ = {isa = PBXFileReference; fileEncoding = 4; lastKnownFileType = sourcecode.c.h; path = OARequestParameter.h; sourceTree = "<group>"; };
		4D90555C15BB6EDE00778589 /* OARequestParameter.m */ = {isa = PBXFileReference; fileEncoding = 4; lastKnownFileType = sourcecode.c.objc; path = OARequestParameter.m; sourceTree = "<group>"; };
		4D90555D15BB6EDE00778589 /* OAServiceTicket.h */ = {isa = PBXFileReference; fileEncoding = 4; lastKnownFileType = sourcecode.c.h; path = OAServiceTicket.h; sourceTree = "<group>"; };
		4D90555E15BB6EDE00778589 /* OAServiceTicket.m */ = {isa = PBXFileReference; fileEncoding = 4; lastKnownFileType = sourcecode.c.objc; path = OAServiceTicket.m; sourceTree = "<group>"; };
		4D90555F15BB6EDE00778589 /* OASignatureProviding.h */ = {isa = PBXFileReference; fileEncoding = 4; lastKnownFileType = sourcecode.c.h; path = OASignatureProviding.h; sourceTree = "<group>"; };
		4D90556015BB6EDE00778589 /* OAToken.h */ = {isa = PBXFileReference; fileEncoding = 4; lastKnownFileType = sourcecode.c.h; path = OAToken.h; sourceTree = "<group>"; };
		4D90556115BB6EDE00778589 /* OAToken.m */ = {isa = PBXFileReference; fileEncoding = 4; lastKnownFileType = sourcecode.c.objc; path = OAToken.m; sourceTree = "<group>"; };
		4D90556215BB6EDE00778589 /* OAuthConsumer.h */ = {isa = PBXFileReference; fileEncoding = 4; lastKnownFileType = sourcecode.c.h; path = OAuthConsumer.h; sourceTree = "<group>"; };
		4D90556415BB6EDE00778589 /* Reachability.h */ = {isa = PBXFileReference; fileEncoding = 4; lastKnownFileType = sourcecode.c.h; path = Reachability.h; sourceTree = "<group>"; };
		4D90556515BB6EDE00778589 /* Reachability.m */ = {isa = PBXFileReference; fileEncoding = 4; lastKnownFileType = sourcecode.c.objc; path = Reachability.m; sourceTree = "<group>"; };
		4D90556715BB6EDE00778589 /* SecureUDID.h */ = {isa = PBXFileReference; fileEncoding = 4; lastKnownFileType = sourcecode.c.h; path = SecureUDID.h; sourceTree = "<group>"; };
		4D90556815BB6EDE00778589 /* SecureUDID.m */ = {isa = PBXFileReference; fileEncoding = 4; lastKnownFileType = sourcecode.c.objc; path = SecureUDID.m; sourceTree = "<group>"; };
		4D90556915BB6EDE00778589 /* SMFile.h */ = {isa = PBXFileReference; fileEncoding = 4; lastKnownFileType = sourcecode.c.h; path = SMFile.h; sourceTree = "<group>"; };
		4D90556A15BB6EDE00778589 /* SMFile.m */ = {isa = PBXFileReference; fileEncoding = 4; lastKnownFileType = sourcecode.c.objc; path = SMFile.m; sourceTree = "<group>"; };
		4D90556B15BB6EDE00778589 /* SMGeoPoint.h */ = {isa = PBXFileReference; fileEncoding = 4; lastKnownFileType = sourcecode.c.h; path = SMGeoPoint.h; sourceTree = "<group>"; };
		4D90556C15BB6EDE00778589 /* SMGeoPoint.m */ = {isa = PBXFileReference; fileEncoding = 4; lastKnownFileType = sourcecode.c.objc; path = SMGeoPoint.m; sourceTree = "<group>"; };
		4D90556D15BB6EDE00778589 /* StackMob.h */ = {isa = PBXFileReference; fileEncoding = 4; lastKnownFileType = sourcecode.c.h; path = StackMob.h; sourceTree = "<group>"; };
		4D90556E15BB6EDE00778589 /* StackMob.m */ = {isa = PBXFileReference; fileEncoding = 4; lastKnownFileType = sourcecode.c.objc; path = StackMob.m; sourceTree = "<group>"; };
		4D90556F15BB6EDE00778589 /* StackMobAccessTokenRequest.h */ = {isa = PBXFileReference; fileEncoding = 4; lastKnownFileType = sourcecode.c.h; path = StackMobAccessTokenRequest.h; sourceTree = "<group>"; };
		4D90557015BB6EDE00778589 /* StackMobAccessTokenRequest.m */ = {isa = PBXFileReference; fileEncoding = 4; lastKnownFileType = sourcecode.c.objc; path = StackMobAccessTokenRequest.m; sourceTree = "<group>"; };
		4D90557115BB6EDE00778589 /* StackMobAdditions.h */ = {isa = PBXFileReference; fileEncoding = 4; lastKnownFileType = sourcecode.c.h; path = StackMobAdditions.h; sourceTree = "<group>"; };
		4D90557215BB6EDE00778589 /* StackMobAdditions.m */ = {isa = PBXFileReference; fileEncoding = 4; lastKnownFileType = sourcecode.c.objc; path = StackMobAdditions.m; sourceTree = "<group>"; };
		4D90557315BB6EDE00778589 /* StackMobBulkRequest.h */ = {isa = PBXFileReference; fileEncoding = 4; lastKnownFileType = sourcecode.c.h; path = StackMobBulkRequest.h; sourceTree = "<group>"; };
		4D90557415BB6EDE00778589 /* StackMobBulkRequest.m */ = {isa = PBXFileReference; fileEncoding = 4; lastKnownFileType = sourcecode.c.objc; path = StackMobBulkRequest.m; sourceTree = "<group>"; };
		4D90557515BB6EDE00778589 /* StackMobClientData.h */ = {isa = PBXFileReference; fileEncoding = 4; lastKnownFileType = sourcecode.c.h; path = StackMobClientData.h; sourceTree = "<group>"; };
		4D90557615BB6EDE00778589 /* StackMobClientData.m */ = {isa = PBXFileReference; fileEncoding = 4; lastKnownFileType = sourcecode.c.objc; path = StackMobClientData.m; sourceTree = "<group>"; };
		4D90557715BB6EDE00778589 /* StackMobConfiguration.h */ = {isa = PBXFileReference; fileEncoding = 4; lastKnownFileType = sourcecode.c.h; path = StackMobConfiguration.h; sourceTree = "<group>"; };
		4D90557815BB6EDE00778589 /* StackMobCookieStore.h */ = {isa = PBXFileReference; fileEncoding = 4; lastKnownFileType = sourcecode.c.h; path = StackMobCookieStore.h; sourceTree = "<group>"; };
		4D90557915BB6EDE00778589 /* StackMobCookieStore.m */ = {isa = PBXFileReference; fileEncoding = 4; lastKnownFileType = sourcecode.c.objc; path = StackMobCookieStore.m; sourceTree = "<group>"; };
		4D90557A15BB6EDE00778589 /* StackMobHerokuRequest.h */ = {isa = PBXFileReference; fileEncoding = 4; lastKnownFileType = sourcecode.c.h; path = StackMobHerokuRequest.h; sourceTree = "<group>"; };
		4D90557B15BB6EDE00778589 /* StackMobHerokuRequest.m */ = {isa = PBXFileReference; fileEncoding = 4; lastKnownFileType = sourcecode.c.objc; path = StackMobHerokuRequest.m; sourceTree = "<group>"; };
		4D90557C15BB6EDE00778589 /* StackMobPushRequest.h */ = {isa = PBXFileReference; fileEncoding = 4; lastKnownFileType = sourcecode.c.h; path = StackMobPushRequest.h; sourceTree = "<group>"; };
		4D90557D15BB6EDE00778589 /* StackMobPushRequest.m */ = {isa = PBXFileReference; fileEncoding = 4; lastKnownFileType = sourcecode.c.objc; path = StackMobPushRequest.m; sourceTree = "<group>"; };
		4D90557E15BB6EDE00778589 /* StackMobQuery.h */ = {isa = PBXFileReference; fileEncoding = 4; lastKnownFileType = sourcecode.c.h; path = StackMobQuery.h; sourceTree = "<group>"; };
		4D90557F15BB6EDE00778589 /* StackMobQuery.m */ = {isa = PBXFileReference; fileEncoding = 4; lastKnownFileType = sourcecode.c.objc; path = StackMobQuery.m; sourceTree = "<group>"; };
		4D90558015BB6EDE00778589 /* StackMobRequest.h */ = {isa = PBXFileReference; fileEncoding = 4; lastKnownFileType = sourcecode.c.h; path = StackMobRequest.h; sourceTree = "<group>"; };
		4D90558115BB6EDE00778589 /* StackMobRequest.m */ = {isa = PBXFileReference; fileEncoding = 4; lastKnownFileType = sourcecode.c.objc; path = StackMobRequest.m; sourceTree = "<group>"; };
		4D90558215BB6EDE00778589 /* StackMobSession.h */ = {isa = PBXFileReference; fileEncoding = 4; lastKnownFileType = sourcecode.c.h; path = StackMobSession.h; sourceTree = "<group>"; };
		4D90558315BB6EDE00778589 /* StackMobSession.m */ = {isa = PBXFileReference; fileEncoding = 4; lastKnownFileType = sourcecode.c.objc; path = StackMobSession.m; sourceTree = "<group>"; };
		4D90558415BB6EDE00778589 /* StackMobVersion.h */ = {isa = PBXFileReference; fileEncoding = 4; lastKnownFileType = sourcecode.c.h; path = StackMobVersion.h; sourceTree = "<group>"; };
		4D90558615BB6EDE00778589 /* NSData+Base64.h */ = {isa = PBXFileReference; fileEncoding = 4; lastKnownFileType = sourcecode.c.h; path = "NSData+Base64.h"; sourceTree = "<group>"; };
		4D90558715BB6EDE00778589 /* NSData+Base64.m */ = {isa = PBXFileReference; fileEncoding = 4; lastKnownFileType = sourcecode.c.objc; path = "NSData+Base64.m"; sourceTree = "<group>"; };
		4D90558815BB6EDE00778589 /* NSData+JSON.h */ = {isa = PBXFileReference; fileEncoding = 4; lastKnownFileType = sourcecode.c.h; path = "NSData+JSON.h"; sourceTree = "<group>"; };
		4D90558915BB6EDE00778589 /* NSData+JSON.m */ = {isa = PBXFileReference; fileEncoding = 4; lastKnownFileType = sourcecode.c.objc; path = "NSData+JSON.m"; sourceTree = "<group>"; };
		4D9055AF15BB743C00778589 /* CoreLocation.framework */ = {isa = PBXFileReference; lastKnownFileType = wrapper.framework; name = CoreLocation.framework; path = System/Library/Frameworks/CoreLocation.framework; sourceTree = SDKROOT; };
		4D9055BB15BB8F1500778589 /* deal_default.png */ = {isa = PBXFileReference; lastKnownFileType = image.png; path = deal_default.png; sourceTree = SOURCE_ROOT; };
		4DEB306615BB57DF006DDE62 /* GetIt.app */ = {isa = PBXFileReference; explicitFileType = wrapper.application; includeInIndex = 0; path = GetIt.app; sourceTree = BUILT_PRODUCTS_DIR; };
		4DEB306A15BB57DF006DDE62 /* UIKit.framework */ = {isa = PBXFileReference; lastKnownFileType = wrapper.framework; name = UIKit.framework; path = System/Library/Frameworks/UIKit.framework; sourceTree = SDKROOT; };
		4DEB306C15BB57DF006DDE62 /* Foundation.framework */ = {isa = PBXFileReference; lastKnownFileType = wrapper.framework; name = Foundation.framework; path = System/Library/Frameworks/Foundation.framework; sourceTree = SDKROOT; };
		4DEB306E15BB57DF006DDE62 /* CoreGraphics.framework */ = {isa = PBXFileReference; lastKnownFileType = wrapper.framework; name = CoreGraphics.framework; path = System/Library/Frameworks/CoreGraphics.framework; sourceTree = SDKROOT; };
		4DEB307215BB57DF006DDE62 /* GetIt-Info.plist */ = {isa = PBXFileReference; lastKnownFileType = text.plist.xml; path = "GetIt-Info.plist"; sourceTree = "<group>"; };
		4DEB307415BB57DF006DDE62 /* en */ = {isa = PBXFileReference; lastKnownFileType = text.plist.strings; name = en; path = en.lproj/InfoPlist.strings; sourceTree = "<group>"; };
		4DEB307615BB57DF006DDE62 /* main.m */ = {isa = PBXFileReference; lastKnownFileType = sourcecode.c.objc; path = main.m; sourceTree = "<group>"; };
		4DEB307815BB57DF006DDE62 /* GetIt-Prefix.pch */ = {isa = PBXFileReference; lastKnownFileType = sourcecode.c.h; path = "GetIt-Prefix.pch"; sourceTree = "<group>"; };
		4DEB307915BB57DF006DDE62 /* AppDelegate.h */ = {isa = PBXFileReference; lastKnownFileType = sourcecode.c.h; path = AppDelegate.h; sourceTree = "<group>"; };
		4DEB307A15BB57DF006DDE62 /* AppDelegate.m */ = {isa = PBXFileReference; lastKnownFileType = sourcecode.c.objc; path = AppDelegate.m; sourceTree = "<group>"; };
		4DEB307D15BB57DF006DDE62 /* en */ = {isa = PBXFileReference; lastKnownFileType = file.storyboard; name = en; path = en.lproj/MainStoryboard_iPhone.storyboard; sourceTree = "<group>"; };
		4DEB308015BB57DF006DDE62 /* en */ = {isa = PBXFileReference; lastKnownFileType = file.storyboard; name = en; path = en.lproj/MainStoryboard_iPad.storyboard; sourceTree = "<group>"; };
		4DEB308215BB57DF006DDE62 /* MainViewController.h */ = {isa = PBXFileReference; lastKnownFileType = sourcecode.c.h; path = MainViewController.h; sourceTree = "<group>"; };
		4DEB308315BB57DF006DDE62 /* MainViewController.m */ = {isa = PBXFileReference; lastKnownFileType = sourcecode.c.objc; path = MainViewController.m; sourceTree = "<group>"; };
		4DEB309015BB5DEA006DDE62 /* DealDetailViewController.h */ = {isa = PBXFileReference; fileEncoding = 4; lastKnownFileType = sourcecode.c.h; path = DealDetailViewController.h; sourceTree = "<group>"; };
		4DEB309115BB5DEA006DDE62 /* DealDetailViewController.m */ = {isa = PBXFileReference; fileEncoding = 4; lastKnownFileType = sourcecode.c.objc; path = DealDetailViewController.m; sourceTree = "<group>"; };
		4DEB309315BB60E7006DDE62 /* FilterViewController.h */ = {isa = PBXFileReference; fileEncoding = 4; lastKnownFileType = sourcecode.c.h; path = FilterViewController.h; sourceTree = "<group>"; };
		4DEB309415BB60E7006DDE62 /* FilterViewController.m */ = {isa = PBXFileReference; fileEncoding = 4; lastKnownFileType = sourcecode.c.objc; path = FilterViewController.m; sourceTree = "<group>"; };
/* End PBXFileReference section */

/* Begin PBXFrameworksBuildPhase section */
		4DEB306315BB57DF006DDE62 /* Frameworks */ = {
			isa = PBXFrameworksBuildPhase;
			buildActionMask = 2147483647;
			files = (
				4D9055B015BB743C00778589 /* CoreLocation.framework in Frameworks */,
				4D90553815BB6D4900778589 /* CFNetwork.framework in Frameworks */,
				4D90553615BB6D4400778589 /* SystemConfiguration.framework in Frameworks */,
				4DEB306B15BB57DF006DDE62 /* UIKit.framework in Frameworks */,
				4DEB306D15BB57DF006DDE62 /* Foundation.framework in Frameworks */,
				4DEB306F15BB57DF006DDE62 /* CoreGraphics.framework in Frameworks */,
				4D90558A15BB6EDE00778589 /* InneractiveAdSDK-v112-S.a in Frameworks */,
				4D90558C15BB6EDE00778589 /* YAJLIOS.framework in Frameworks */,
			);
			runOnlyForDeploymentPostprocessing = 0;
		};
/* End PBXFrameworksBuildPhase section */

/* Begin PBXGroup section */
		4D9054B615BB6C3D00778589 /* External */ = {
			isa = PBXGroup;
			children = (
				4D9055BB15BB8F1500778589 /* deal_default.png */,
				4D90553915BB6EDE00778589 /* StackMob */,
				4D9054B715BB6C3D00778589 /* AFNetworking */,
			);
			path = External;
			sourceTree = "<group>";
		};
		4D9054B715BB6C3D00778589 /* AFNetworking */ = {
			isa = PBXGroup;
			children = (
				4D9054B815BB6C3D00778589 /* AFNetworking */,
			);
			path = AFNetworking;
			sourceTree = "<group>";
		};
		4D9054B815BB6C3D00778589 /* AFNetworking */ = {
			isa = PBXGroup;
			children = (
				4D9054B915BB6C3D00778589 /* AFHTTPClient.h */,
				4D9054BA15BB6C3D00778589 /* AFHTTPClient.m */,
				4D9054BB15BB6C3D00778589 /* AFHTTPRequestOperation.h */,
				4D9054BC15BB6C3D00778589 /* AFHTTPRequestOperation.m */,
				4D9054BD15BB6C3D00778589 /* AFImageRequestOperation.h */,
				4D9054BE15BB6C3D00778589 /* AFImageRequestOperation.m */,
				4D9054BF15BB6C3D00778589 /* AFJSONRequestOperation.h */,
				4D9054C015BB6C3D00778589 /* AFJSONRequestOperation.m */,
				4D9054C115BB6C3D00778589 /* AFJSONUtilities.h */,
				4D9054C215BB6C3D00778589 /* AFJSONUtilities.m */,
				4D9054C315BB6C3D00778589 /* AFNetworkActivityIndicatorManager.h */,
				4D9054C415BB6C3D00778589 /* AFNetworkActivityIndicatorManager.m */,
				4D9054C515BB6C3D00778589 /* AFNetworking.h */,
				4D9054C615BB6C3D00778589 /* AFPropertyListRequestOperation.h */,
				4D9054C715BB6C3D00778589 /* AFPropertyListRequestOperation.m */,
				4D9054C815BB6C3D00778589 /* AFURLConnectionOperation.h */,
				4D9054C915BB6C3D00778589 /* AFURLConnectionOperation.m */,
				4D9054CA15BB6C3D00778589 /* AFXMLRequestOperation.h */,
				4D9054CB15BB6C3D00778589 /* AFXMLRequestOperation.m */,
				4D9054CC15BB6C3D00778589 /* UIImageView+AFNetworking.h */,
				4D9054CD15BB6C3D00778589 /* UIImageView+AFNetworking.m */,
			);
			path = AFNetworking;
			sourceTree = "<group>";
		};
		4D90553915BB6EDE00778589 /* StackMob */ = {
			isa = PBXGroup;
			children = (
				4D90553A15BB6EDE00778589 /* External */,
				4D90556915BB6EDE00778589 /* SMFile.h */,
				4D90556A15BB6EDE00778589 /* SMFile.m */,
				4D90556B15BB6EDE00778589 /* SMGeoPoint.h */,
				4D90556C15BB6EDE00778589 /* SMGeoPoint.m */,
				4D90556D15BB6EDE00778589 /* StackMob.h */,
				4D90556E15BB6EDE00778589 /* StackMob.m */,
				4D90556F15BB6EDE00778589 /* StackMobAccessTokenRequest.h */,
				4D90557015BB6EDE00778589 /* StackMobAccessTokenRequest.m */,
				4D90557115BB6EDE00778589 /* StackMobAdditions.h */,
				4D90557215BB6EDE00778589 /* StackMobAdditions.m */,
				4D90557315BB6EDE00778589 /* StackMobBulkRequest.h */,
				4D90557415BB6EDE00778589 /* StackMobBulkRequest.m */,
				4D90557515BB6EDE00778589 /* StackMobClientData.h */,
				4D90557615BB6EDE00778589 /* StackMobClientData.m */,
				4D90557715BB6EDE00778589 /* StackMobConfiguration.h */,
				4D90557815BB6EDE00778589 /* StackMobCookieStore.h */,
				4D90557915BB6EDE00778589 /* StackMobCookieStore.m */,
				4D90557A15BB6EDE00778589 /* StackMobHerokuRequest.h */,
				4D90557B15BB6EDE00778589 /* StackMobHerokuRequest.m */,
				4D90557C15BB6EDE00778589 /* StackMobPushRequest.h */,
				4D90557D15BB6EDE00778589 /* StackMobPushRequest.m */,
				4D90557E15BB6EDE00778589 /* StackMobQuery.h */,
				4D90557F15BB6EDE00778589 /* StackMobQuery.m */,
				4D90558015BB6EDE00778589 /* StackMobRequest.h */,
				4D90558115BB6EDE00778589 /* StackMobRequest.m */,
				4D90558215BB6EDE00778589 /* StackMobSession.h */,
				4D90558315BB6EDE00778589 /* StackMobSession.m */,
				4D90558415BB6EDE00778589 /* StackMobVersion.h */,
				4D90558515BB6EDE00778589 /* Utils */,
			);
			path = StackMob;
			sourceTree = "<group>";
		};
		4D90553A15BB6EDE00778589 /* External */ = {
			isa = PBXGroup;
			children = (
				4D90553B15BB6EDE00778589 /* inneractive */,
				4D90554015BB6EDE00778589 /* JSONKit */,
				4D90554315BB6EDE00778589 /* libraries */,
				4D90554515BB6EDE00778589 /* OAuthConsumer */,
				4D90556315BB6EDE00778589 /* reachability */,
				4D90556615BB6EDE00778589 /* SecureUDID */,
			);
			path = External;
			sourceTree = "<group>";
		};
		4D90553B15BB6EDE00778589 /* inneractive */ = {
			isa = PBXGroup;
			children = (
				4D90553C15BB6EDE00778589 /* include */,
				4D90553E15BB6EDE00778589 /* lib */,
			);
			path = inneractive;
			sourceTree = "<group>";
		};
		4D90553C15BB6EDE00778589 /* include */ = {
			isa = PBXGroup;
			children = (
				4D90553D15BB6EDE00778589 /* InneractiveAd.h */,
			);
			path = include;
			sourceTree = "<group>";
		};
		4D90553E15BB6EDE00778589 /* lib */ = {
			isa = PBXGroup;
			children = (
				4D90553F15BB6EDE00778589 /* InneractiveAdSDK-v112-S.a */,
			);
			path = lib;
			sourceTree = "<group>";
		};
		4D90554015BB6EDE00778589 /* JSONKit */ = {
			isa = PBXGroup;
			children = (
				4D90554115BB6EDE00778589 /* JSONKit.h */,
				4D90554215BB6EDE00778589 /* JSONKit.m */,
			);
			path = JSONKit;
			sourceTree = "<group>";
		};
		4D90554315BB6EDE00778589 /* libraries */ = {
			isa = PBXGroup;
			children = (
				4D90554415BB6EDE00778589 /* YAJLIOS.framework */,
			);
			path = libraries;
			sourceTree = "<group>";
		};
		4D90554515BB6EDE00778589 /* OAuthConsumer */ = {
			isa = PBXGroup;
			children = (
				4D90554615BB6EDE00778589 /* Crypto */,
				4D90554915BB6EDE00778589 /* NSMutableURLRequest+Parameters.h */,
				4D90554A15BB6EDE00778589 /* NSMutableURLRequest+Parameters.m */,
				4D90554B15BB6EDE00778589 /* NSString+URLEncoding.h */,
				4D90554C15BB6EDE00778589 /* NSString+URLEncoding.m */,
				4D90554D15BB6EDE00778589 /* NSURL+Base.h */,
				4D90554E15BB6EDE00778589 /* NSURL+Base.m */,
				4D90554F15BB6EDE00778589 /* OAAsynchronousDataFetcher.h */,
				4D90555015BB6EDE00778589 /* OAAsynchronousDataFetcher.m */,
				4D90555115BB6EDE00778589 /* OAConsumer.h */,
				4D90555215BB6EDE00778589 /* OAConsumer.m */,
				4D90555315BB6EDE00778589 /* OADataFetcher.h */,
				4D90555415BB6EDE00778589 /* OADataFetcher.m */,
				4D90555515BB6EDE00778589 /* OAHMAC_SHA1SignatureProvider.h */,
				4D90555615BB6EDE00778589 /* OAHMAC_SHA1SignatureProvider.m */,
				4D90555715BB6EDE00778589 /* OAMutableURLRequest.h */,
				4D90555815BB6EDE00778589 /* OAMutableURLRequest.m */,
				4D90555915BB6EDE00778589 /* OAPlaintextSignatureProvider.h */,
				4D90555A15BB6EDE00778589 /* OAPlaintextSignatureProvider.m */,
				4D90555B15BB6EDE00778589 /* OARequestParameter.h */,
				4D90555C15BB6EDE00778589 /* OARequestParameter.m */,
				4D90555D15BB6EDE00778589 /* OAServiceTicket.h */,
				4D90555E15BB6EDE00778589 /* OAServiceTicket.m */,
				4D90555F15BB6EDE00778589 /* OASignatureProviding.h */,
				4D90556015BB6EDE00778589 /* OAToken.h */,
				4D90556115BB6EDE00778589 /* OAToken.m */,
				4D90556215BB6EDE00778589 /* OAuthConsumer.h */,
			);
			path = OAuthConsumer;
			sourceTree = "<group>";
		};
		4D90554615BB6EDE00778589 /* Crypto */ = {
			isa = PBXGroup;
			children = (
				4D90554715BB6EDE00778589 /* Base64Transcoder.c */,
				4D90554815BB6EDE00778589 /* Base64Transcoder.h */,
			);
			path = Crypto;
			sourceTree = "<group>";
		};
		4D90556315BB6EDE00778589 /* reachability */ = {
			isa = PBXGroup;
			children = (
				4D90556415BB6EDE00778589 /* Reachability.h */,
				4D90556515BB6EDE00778589 /* Reachability.m */,
			);
			path = reachability;
			sourceTree = "<group>";
		};
		4D90556615BB6EDE00778589 /* SecureUDID */ = {
			isa = PBXGroup;
			children = (
				4D90556715BB6EDE00778589 /* SecureUDID.h */,
				4D90556815BB6EDE00778589 /* SecureUDID.m */,
			);
			path = SecureUDID;
			sourceTree = "<group>";
		};
		4D90558515BB6EDE00778589 /* Utils */ = {
			isa = PBXGroup;
			children = (
				4D90558615BB6EDE00778589 /* NSData+Base64.h */,
				4D90558715BB6EDE00778589 /* NSData+Base64.m */,
				4D90558815BB6EDE00778589 /* NSData+JSON.h */,
				4D90558915BB6EDE00778589 /* NSData+JSON.m */,
			);
			path = Utils;
			sourceTree = "<group>";
		};
		4DEB305B15BB57DF006DDE62 = {
			isa = PBXGroup;
			children = (
				4D9054B615BB6C3D00778589 /* External */,
				4DEB307015BB57DF006DDE62 /* GetIt */,
				4DEB306915BB57DF006DDE62 /* Frameworks */,
				4DEB306715BB57DF006DDE62 /* Products */,
			);
			sourceTree = "<group>";
		};
		4DEB306715BB57DF006DDE62 /* Products */ = {
			isa = PBXGroup;
			children = (
				4DEB306615BB57DF006DDE62 /* GetIt.app */,
			);
			name = Products;
			sourceTree = "<group>";
		};
		4DEB306915BB57DF006DDE62 /* Frameworks */ = {
			isa = PBXGroup;
			children = (
				4D9055AF15BB743C00778589 /* CoreLocation.framework */,
				4D90553515BB6D4400778589 /* SystemConfiguration.framework */,
				4D90553715BB6D4900778589 /* CFNetwork.framework */,
				4DEB306A15BB57DF006DDE62 /* UIKit.framework */,
				4DEB306C15BB57DF006DDE62 /* Foundation.framework */,
				4DEB306E15BB57DF006DDE62 /* CoreGraphics.framework */,
			);
			name = Frameworks;
			sourceTree = "<group>";
		};
		4DEB307015BB57DF006DDE62 /* GetIt */ = {
			isa = PBXGroup;
			children = (
				4DEB307915BB57DF006DDE62 /* AppDelegate.h */,
				4DEB307A15BB57DF006DDE62 /* AppDelegate.m */,
				4DEB307C15BB57DF006DDE62 /* MainStoryboard_iPhone.storyboard */,
				4DEB307F15BB57DF006DDE62 /* MainStoryboard_iPad.storyboard */,
				4DEB308215BB57DF006DDE62 /* MainViewController.h */,
				4DEB308315BB57DF006DDE62 /* MainViewController.m */,
				4DEB309015BB5DEA006DDE62 /* DealDetailViewController.h */,
				4DEB309115BB5DEA006DDE62 /* DealDetailViewController.m */,
				4DEB309315BB60E7006DDE62 /* FilterViewController.h */,
				4DEB309415BB60E7006DDE62 /* FilterViewController.m */,
				4DEB307115BB57DF006DDE62 /* Supporting Files */,
			);
			path = GetIt;
			sourceTree = "<group>";
		};
		4DEB307115BB57DF006DDE62 /* Supporting Files */ = {
			isa = PBXGroup;
			children = (
				4DEB307215BB57DF006DDE62 /* GetIt-Info.plist */,
				4DEB307315BB57DF006DDE62 /* InfoPlist.strings */,
				4DEB307615BB57DF006DDE62 /* main.m */,
				4DEB307815BB57DF006DDE62 /* GetIt-Prefix.pch */,
			);
			name = "Supporting Files";
			sourceTree = "<group>";
		};
/* End PBXGroup section */

/* Begin PBXNativeTarget section */
		4DEB306515BB57DF006DDE62 /* GetIt */ = {
			isa = PBXNativeTarget;
			buildConfigurationList = 4DEB308715BB57DF006DDE62 /* Build configuration list for PBXNativeTarget "GetIt" */;
			buildPhases = (
				4DEB306215BB57DF006DDE62 /* Sources */,
				4DEB306315BB57DF006DDE62 /* Frameworks */,
				4DEB306415BB57DF006DDE62 /* Resources */,
			);
			buildRules = (
			);
			dependencies = (
			);
			name = GetIt;
			productName = GetIt;
			productReference = 4DEB306615BB57DF006DDE62 /* GetIt.app */;
			productType = "com.apple.product-type.application";
		};
/* End PBXNativeTarget section */

/* Begin PBXProject section */
		4DEB305D15BB57DF006DDE62 /* Project object */ = {
			isa = PBXProject;
			attributes = {
				LastUpgradeCheck = 0440;
				ORGANIZATIONNAME = GetIt;
			};
			buildConfigurationList = 4DEB306015BB57DF006DDE62 /* Build configuration list for PBXProject "GetIt" */;
			compatibilityVersion = "Xcode 3.2";
			developmentRegion = English;
			hasScannedForEncodings = 0;
			knownRegions = (
				en,
			);
			mainGroup = 4DEB305B15BB57DF006DDE62;
			productRefGroup = 4DEB306715BB57DF006DDE62 /* Products */;
			projectDirPath = "";
			projectRoot = "";
			targets = (
				4DEB306515BB57DF006DDE62 /* GetIt */,
			);
		};
/* End PBXProject section */

/* Begin PBXResourcesBuildPhase section */
		4DEB306415BB57DF006DDE62 /* Resources */ = {
			isa = PBXResourcesBuildPhase;
			buildActionMask = 2147483647;
			files = (
				4DEB307515BB57DF006DDE62 /* InfoPlist.strings in Resources */,
				4DEB307E15BB57DF006DDE62 /* MainStoryboard_iPhone.storyboard in Resources */,
				4DEB308115BB57DF006DDE62 /* MainStoryboard_iPad.storyboard in Resources */,
				4D9055BC15BB8F1500778589 /* deal_default.png in Resources */,
			);
			runOnlyForDeploymentPostprocessing = 0;
		};
/* End PBXResourcesBuildPhase section */

/* Begin PBXSourcesBuildPhase section */
		4DEB306215BB57DF006DDE62 /* Sources */ = {
			isa = PBXSourcesBuildPhase;
			buildActionMask = 2147483647;
			files = (
				4DEB307715BB57DF006DDE62 /* main.m in Sources */,
				4DEB307B15BB57DF006DDE62 /* AppDelegate.m in Sources */,
				4DEB308415BB57DF006DDE62 /* MainViewController.m in Sources */,
				4DEB309215BB5DEA006DDE62 /* DealDetailViewController.m in Sources */,
				4DEB309515BB60E7006DDE62 /* FilterViewController.m in Sources */,
				4D90550515BB6C3D00778589 /* AFHTTPClient.m in Sources */,
				4D90550615BB6C3D00778589 /* AFHTTPRequestOperation.m in Sources */,
				4D90550715BB6C3D00778589 /* AFImageRequestOperation.m in Sources */,
				4D90550815BB6C3D00778589 /* AFJSONRequestOperation.m in Sources */,
				4D90550915BB6C3D00778589 /* AFJSONUtilities.m in Sources */,
				4D90550A15BB6C3D00778589 /* AFNetworkActivityIndicatorManager.m in Sources */,
				4D90550B15BB6C3D00778589 /* AFPropertyListRequestOperation.m in Sources */,
				4D90550C15BB6C3D00778589 /* AFURLConnectionOperation.m in Sources */,
				4D90550D15BB6C3D00778589 /* AFXMLRequestOperation.m in Sources */,
				4D90550E15BB6C3D00778589 /* UIImageView+AFNetworking.m in Sources */,
				4D90558B15BB6EDE00778589 /* JSONKit.m in Sources */,
				4D90558D15BB6EDE00778589 /* Base64Transcoder.c in Sources */,
				4D90558E15BB6EDE00778589 /* NSMutableURLRequest+Parameters.m in Sources */,
				4D90558F15BB6EDE00778589 /* NSString+URLEncoding.m in Sources */,
				4D90559015BB6EDE00778589 /* NSURL+Base.m in Sources */,
				4D90559115BB6EDE00778589 /* OAAsynchronousDataFetcher.m in Sources */,
				4D90559215BB6EDE00778589 /* OAConsumer.m in Sources */,
				4D90559315BB6EDE00778589 /* OADataFetcher.m in Sources */,
				4D90559415BB6EDE00778589 /* OAHMAC_SHA1SignatureProvider.m in Sources */,
				4D90559515BB6EDE00778589 /* OAMutableURLRequest.m in Sources */,
				4D90559615BB6EDE00778589 /* OAPlaintextSignatureProvider.m in Sources */,
				4D90559715BB6EDE00778589 /* OARequestParameter.m in Sources */,
				4D90559815BB6EDE00778589 /* OAServiceTicket.m in Sources */,
				4D90559915BB6EDE00778589 /* OAToken.m in Sources */,
				4D90559A15BB6EDE00778589 /* Reachability.m in Sources */,
				4D90559B15BB6EDE00778589 /* SecureUDID.m in Sources */,
				4D90559C15BB6EDE00778589 /* SMFile.m in Sources */,
				4D90559D15BB6EDE00778589 /* SMGeoPoint.m in Sources */,
				4D90559E15BB6EDE00778589 /* StackMob.m in Sources */,
				4D90559F15BB6EDE00778589 /* StackMobAccessTokenRequest.m in Sources */,
				4D9055A015BB6EDE00778589 /* StackMobAdditions.m in Sources */,
				4D9055A115BB6EDE00778589 /* StackMobBulkRequest.m in Sources */,
				4D9055A215BB6EDE00778589 /* StackMobClientData.m in Sources */,
				4D9055A315BB6EDE00778589 /* StackMobCookieStore.m in Sources */,
				4D9055A415BB6EDE00778589 /* StackMobHerokuRequest.m in Sources */,
				4D9055A515BB6EDE00778589 /* StackMobPushRequest.m in Sources */,
				4D9055A615BB6EDE00778589 /* StackMobQuery.m in Sources */,
				4D9055A715BB6EDE00778589 /* StackMobRequest.m in Sources */,
				4D9055A815BB6EDE00778589 /* StackMobSession.m in Sources */,
				4D9055A915BB6EDE00778589 /* NSData+Base64.m in Sources */,
				4D9055AA15BB6EDE00778589 /* NSData+JSON.m in Sources */,
			);
			runOnlyForDeploymentPostprocessing = 0;
		};
/* End PBXSourcesBuildPhase section */

/* Begin PBXVariantGroup section */
		4DEB307315BB57DF006DDE62 /* InfoPlist.strings */ = {
			isa = PBXVariantGroup;
			children = (
				4DEB307415BB57DF006DDE62 /* en */,
			);
			name = InfoPlist.strings;
			sourceTree = "<group>";
		};
		4DEB307C15BB57DF006DDE62 /* MainStoryboard_iPhone.storyboard */ = {
			isa = PBXVariantGroup;
			children = (
				4DEB307D15BB57DF006DDE62 /* en */,
			);
			name = MainStoryboard_iPhone.storyboard;
			sourceTree = "<group>";
		};
		4DEB307F15BB57DF006DDE62 /* MainStoryboard_iPad.storyboard */ = {
			isa = PBXVariantGroup;
			children = (
				4DEB308015BB57DF006DDE62 /* en */,
			);
			name = MainStoryboard_iPad.storyboard;
			sourceTree = "<group>";
		};
/* End PBXVariantGroup section */

/* Begin XCBuildConfiguration section */
		4DEB308515BB57DF006DDE62 /* Debug */ = {
			isa = XCBuildConfiguration;
			buildSettings = {
				ALWAYS_SEARCH_USER_PATHS = NO;
				ARCHS = "$(ARCHS_STANDARD_32_BIT)";
				CLANG_CXX_LANGUAGE_STANDARD = "gnu++0x";
				CLANG_ENABLE_OBJC_ARC = YES;
				CLANG_WARN__DUPLICATE_METHOD_MATCH = YES;
				"CODE_SIGN_IDENTITY[sdk=iphoneos*]" = "iPhone Developer";
				COPY_PHASE_STRIP = NO;
				GCC_C_LANGUAGE_STANDARD = gnu99;
				GCC_DYNAMIC_NO_PIC = NO;
				GCC_OPTIMIZATION_LEVEL = 0;
				GCC_PREPROCESSOR_DEFINITIONS = (
					"DEBUG=1",
					"$(inherited)",
				);
				GCC_SYMBOLS_PRIVATE_EXTERN = NO;
				GCC_VERSION = com.apple.compilers.llvm.clang.1_0;
				GCC_WARN_ABOUT_RETURN_TYPE = YES;
				GCC_WARN_UNINITIALIZED_AUTOS = YES;
				GCC_WARN_UNUSED_VARIABLE = YES;
				IPHONEOS_DEPLOYMENT_TARGET = 5.1;
				SDKROOT = iphoneos;
				TARGETED_DEVICE_FAMILY = "1,2";
			};
			name = Debug;
		};
		4DEB308615BB57DF006DDE62 /* Release */ = {
			isa = XCBuildConfiguration;
			buildSettings = {
				ALWAYS_SEARCH_USER_PATHS = NO;
				ARCHS = "$(ARCHS_STANDARD_32_BIT)";
				CLANG_CXX_LANGUAGE_STANDARD = "gnu++0x";
				CLANG_ENABLE_OBJC_ARC = YES;
				CLANG_WARN__DUPLICATE_METHOD_MATCH = YES;
				"CODE_SIGN_IDENTITY[sdk=iphoneos*]" = "iPhone Developer";
				COPY_PHASE_STRIP = YES;
				GCC_C_LANGUAGE_STANDARD = gnu99;
				GCC_VERSION = com.apple.compilers.llvm.clang.1_0;
				GCC_WARN_ABOUT_RETURN_TYPE = YES;
				GCC_WARN_UNINITIALIZED_AUTOS = YES;
				GCC_WARN_UNUSED_VARIABLE = YES;
				IPHONEOS_DEPLOYMENT_TARGET = 5.1;
				OTHER_CFLAGS = "-DNS_BLOCK_ASSERTIONS=1";
				SDKROOT = iphoneos;
				TARGETED_DEVICE_FAMILY = "1,2";
				VALIDATE_PRODUCT = YES;
			};
			name = Release;
		};
		4DEB308815BB57DF006DDE62 /* Debug */ = {
			isa = XCBuildConfiguration;
			buildSettings = {
				FRAMEWORK_SEARCH_PATHS = (
					"$(inherited)",
					"\"$(SRCROOT)/External/StackMob/External/libraries\"",
				);
				GCC_PRECOMPILE_PREFIX_HEADER = YES;
				GCC_PREFIX_HEADER = "GetIt/GetIt-Prefix.pch";
				INFOPLIST_FILE = "GetIt/GetIt-Info.plist";
				LIBRARY_SEARCH_PATHS = (
					"$(inherited)",
					"\"$(SRCROOT)/External/StackMob/External/inneractive/lib\"",
				);
				PRODUCT_NAME = "$(TARGET_NAME)";
				WRAPPER_EXTENSION = app;
			};
			name = Debug;
		};
		4DEB308915BB57DF006DDE62 /* Release */ = {
			isa = XCBuildConfiguration;
			buildSettings = {
				FRAMEWORK_SEARCH_PATHS = (
					"$(inherited)",
					"\"$(SRCROOT)/External/StackMob/External/libraries\"",
				);
				GCC_PRECOMPILE_PREFIX_HEADER = YES;
				GCC_PREFIX_HEADER = "GetIt/GetIt-Prefix.pch";
				INFOPLIST_FILE = "GetIt/GetIt-Info.plist";
				LIBRARY_SEARCH_PATHS = (
					"$(inherited)",
					"\"$(SRCROOT)/External/StackMob/External/inneractive/lib\"",
				);
				PRODUCT_NAME = "$(TARGET_NAME)";
				WRAPPER_EXTENSION = app;
			};
			name = Release;
		};
/* End XCBuildConfiguration section */

/* Begin XCConfigurationList section */
		4DEB306015BB57DF006DDE62 /* Build configuration list for PBXProject "GetIt" */ = {
			isa = XCConfigurationList;
			buildConfigurations = (
				4DEB308515BB57DF006DDE62 /* Debug */,
				4DEB308615BB57DF006DDE62 /* Release */,
			);
			defaultConfigurationIsVisible = 0;
			defaultConfigurationName = Release;
		};
		4DEB308715BB57DF006DDE62 /* Build configuration list for PBXNativeTarget "GetIt" */ = {
			isa = XCConfigurationList;
			buildConfigurations = (
				4DEB308815BB57DF006DDE62 /* Debug */,
				4DEB308915BB57DF006DDE62 /* Release */,
			);
			defaultConfigurationIsVisible = 0;
			defaultConfigurationName = Release;
		};
/* End XCConfigurationList section */
	};
	rootObject = 4DEB305D15BB57DF006DDE62 /* Project object */;
}
