// !$*UTF8*$!
{
	archiveVersion = 1;
	classes = {
	};
	objectVersion = 46;
	objects = {

/* Begin PBXBuildFile section */
		4D90550515BB6C3D00778589 /* AFHTTPClient.m in Sources */ = {isa = PBXBuildFile; fileRef = 4D9054BA15BB6C3D00778589 /* AFHTTPClient.m */; settings = {COMPILER_FLAGS = "-fno-objc-arc"; }; };
		4D90550615BB6C3D00778589 /* AFHTTPRequestOperation.m in Sources */ = {isa = PBXBuildFile; fileRef = 4D9054BC15BB6C3D00778589 /* AFHTTPRequestOperation.m */; settings = {COMPILER_FLAGS = "-fno-objc-arc"; }; };
		4D90550715BB6C3D00778589 /* AFImageRequestOperation.m in Sources */ = {isa = PBXBuildFile; fileRef = 4D9054BE15BB6C3D00778589 /* AFImageRequestOperation.m */; settings = {COMPILER_FLAGS = "-fno-objc-arc"; }; };
		4D90550815BB6C3D00778589 /* AFJSONRequestOperation.m in Sources */ = {isa = PBXBuildFile; fileRef = 4D9054C015BB6C3D00778589 /* AFJSONRequestOperation.m */; settings = {COMPILER_FLAGS = "-fno-objc-arc"; }; };
		4D90550915BB6C3D00778589 /* AFJSONUtilities.m in Sources */ = {isa = PBXBuildFile; fileRef = 4D9054C215BB6C3D00778589 /* AFJSONUtilities.m */; settings = {COMPILER_FLAGS = "-fno-objc-arc"; }; };
		4D90550A15BB6C3D00778589 /* AFNetworkActivityIndicatorManager.m in Sources */ = {isa = PBXBuildFile; fileRef = 4D9054C415BB6C3D00778589 /* AFNetworkActivityIndicatorManager.m */; settings = {COMPILER_FLAGS = "-fno-objc-arc"; }; };
		4D90550B15BB6C3D00778589 /* AFPropertyListRequestOperation.m in Sources */ = {isa = PBXBuildFile; fileRef = 4D9054C715BB6C3D00778589 /* AFPropertyListRequestOperation.m */; settings = {COMPILER_FLAGS = "-fno-objc-arc"; }; };
		4D90550C15BB6C3D00778589 /* AFURLConnectionOperation.m in Sources */ = {isa = PBXBuildFile; fileRef = 4D9054C915BB6C3D00778589 /* AFURLConnectionOperation.m */; settings = {COMPILER_FLAGS = "-fno-objc-arc"; }; };
		4D90550D15BB6C3D00778589 /* AFXMLRequestOperation.m in Sources */ = {isa = PBXBuildFile; fileRef = 4D9054CB15BB6C3D00778589 /* AFXMLRequestOperation.m */; settings = {COMPILER_FLAGS = "-fno-objc-arc"; }; };
		4D90550E15BB6C3D00778589 /* UIImageView+AFNetworking.m in Sources */ = {isa = PBXBuildFile; fileRef = 4D9054CD15BB6C3D00778589 /* UIImageView+AFNetworking.m */; settings = {COMPILER_FLAGS = "-fno-objc-arc"; }; };
		4D90552615BB6C3D00778589 /* JSONKit.m in Sources */ = {isa = PBXBuildFile; fileRef = 4D9054FB15BB6C3D00778589 /* JSONKit.m */; settings = {COMPILER_FLAGS = "-fno-objc-arc"; }; };
		4D90553615BB6D4400778589 /* SystemConfiguration.framework in Frameworks */ = {isa = PBXBuildFile; fileRef = 4D90553515BB6D4400778589 /* SystemConfiguration.framework */; };
		4D90553815BB6D4900778589 /* CFNetwork.framework in Frameworks */ = {isa = PBXBuildFile; fileRef = 4D90553715BB6D4900778589 /* CFNetwork.framework */; };
		4DEB306B15BB57DF006DDE62 /* UIKit.framework in Frameworks */ = {isa = PBXBuildFile; fileRef = 4DEB306A15BB57DF006DDE62 /* UIKit.framework */; };
		4DEB306D15BB57DF006DDE62 /* Foundation.framework in Frameworks */ = {isa = PBXBuildFile; fileRef = 4DEB306C15BB57DF006DDE62 /* Foundation.framework */; };
		4DEB306F15BB57DF006DDE62 /* CoreGraphics.framework in Frameworks */ = {isa = PBXBuildFile; fileRef = 4DEB306E15BB57DF006DDE62 /* CoreGraphics.framework */; };
		4DEB307515BB57DF006DDE62 /* InfoPlist.strings in Resources */ = {isa = PBXBuildFile; fileRef = 4DEB307315BB57DF006DDE62 /* InfoPlist.strings */; };
		4DEB307715BB57DF006DDE62 /* main.m in Sources */ = {isa = PBXBuildFile; fileRef = 4DEB307615BB57DF006DDE62 /* main.m */; };
		4DEB307B15BB57DF006DDE62 /* AppDelegate.m in Sources */ = {isa = PBXBuildFile; fileRef = 4DEB307A15BB57DF006DDE62 /* AppDelegate.m */; };
		4DEB307E15BB57DF006DDE62 /* MainStoryboard_iPhone.storyboard in Resources */ = {isa = PBXBuildFile; fileRef = 4DEB307C15BB57DF006DDE62 /* MainStoryboard_iPhone.storyboard */; };
		4DEB308115BB57DF006DDE62 /* MainStoryboard_iPad.storyboard in Resources */ = {isa = PBXBuildFile; fileRef = 4DEB307F15BB57DF006DDE62 /* MainStoryboard_iPad.storyboard */; };
		4DEB308415BB57DF006DDE62 /* ViewController.m in Sources */ = {isa = PBXBuildFile; fileRef = 4DEB308315BB57DF006DDE62 /* ViewController.m */; };
		4DEB309215BB5DEA006DDE62 /* DealDetailViewController.m in Sources */ = {isa = PBXBuildFile; fileRef = 4DEB309115BB5DEA006DDE62 /* DealDetailViewController.m */; };
		4DEB309515BB60E7006DDE62 /* FilterViewController.m in Sources */ = {isa = PBXBuildFile; fileRef = 4DEB309415BB60E7006DDE62 /* FilterViewController.m */; };
/* End PBXBuildFile section */

/* Begin PBXFileReference section */
		4D9054B915BB6C3D00778589 /* AFHTTPClient.h */ = {isa = PBXFileReference; fileEncoding = 4; lastKnownFileType = sourcecode.c.h; path = AFHTTPClient.h; sourceTree = "<group>"; };
		4D9054BA15BB6C3D00778589 /* AFHTTPClient.m */ = {isa = PBXFileReference; fileEncoding = 4; lastKnownFileType = sourcecode.c.objc; path = AFHTTPClient.m; sourceTree = "<group>"; };
		4D9054BB15BB6C3D00778589 /* AFHTTPRequestOperation.h */ = {isa = PBXFileReference; fileEncoding = 4; lastKnownFileType = sourcecode.c.h; path = AFHTTPRequestOperation.h; sourceTree = "<group>"; };
		4D9054BC15BB6C3D00778589 /* AFHTTPRequestOperation.m */ = {isa = PBXFileReference; fileEncoding = 4; lastKnownFileType = sourcecode.c.objc; path = AFHTTPRequestOperation.m; sourceTree = "<group>"; };
		4D9054BD15BB6C3D00778589 /* AFImageRequestOperation.h */ = {isa = PBXFileReference; fileEncoding = 4; lastKnownFileType = sourcecode.c.h; path = AFImageRequestOperation.h; sourceTree = "<group>"; };
		4D9054BE15BB6C3D00778589 /* AFImageRequestOperation.m */ = {isa = PBXFileReference; fileEncoding = 4; lastKnownFileType = sourcecode.c.objc; path = AFImageRequestOperation.m; sourceTree = "<group>"; };
		4D9054BF15BB6C3D00778589 /* AFJSONRequestOperation.h */ = {isa = PBXFileReference; fileEncoding = 4; lastKnownFileType = sourcecode.c.h; path = AFJSONRequestOperation.h; sourceTree = "<group>"; };
		4D9054C015BB6C3D00778589 /* AFJSONRequestOperation.m */ = {isa = PBXFileReference; fileEncoding = 4; lastKnownFileType = sourcecode.c.objc; path = AFJSONRequestOperation.m; sourceTree = "<group>"; };
		4D9054C115BB6C3D00778589 /* AFJSONUtilities.h */ = {isa = PBXFileReference; fileEncoding = 4; lastKnownFileType = sourcecode.c.h; path = AFJSONUtilities.h; sourceTree = "<group>"; };
		4D9054C215BB6C3D00778589 /* AFJSONUtilities.m */ = {isa = PBXFileReference; fileEncoding = 4; lastKnownFileType = sourcecode.c.objc; path = AFJSONUtilities.m; sourceTree = "<group>"; };
		4D9054C315BB6C3D00778589 /* AFNetworkActivityIndicatorManager.h */ = {isa = PBXFileReference; fileEncoding = 4; lastKnownFileType = sourcecode.c.h; path = AFNetworkActivityIndicatorManager.h; sourceTree = "<group>"; };
		4D9054C415BB6C3D00778589 /* AFNetworkActivityIndicatorManager.m */ = {isa = PBXFileReference; fileEncoding = 4; lastKnownFileType = sourcecode.c.objc; path = AFNetworkActivityIndicatorManager.m; sourceTree = "<group>"; };
		4D9054C515BB6C3D00778589 /* AFNetworking.h */ = {isa = PBXFileReference; fileEncoding = 4; lastKnownFileType = sourcecode.c.h; path = AFNetworking.h; sourceTree = "<group>"; };
		4D9054C615BB6C3D00778589 /* AFPropertyListRequestOperation.h */ = {isa = PBXFileReference; fileEncoding = 4; lastKnownFileType = sourcecode.c.h; path = AFPropertyListRequestOperation.h; sourceTree = "<group>"; };
		4D9054C715BB6C3D00778589 /* AFPropertyListRequestOperation.m */ = {isa = PBXFileReference; fileEncoding = 4; lastKnownFileType = sourcecode.c.objc; path = AFPropertyListRequestOperation.m; sourceTree = "<group>"; };
		4D9054C815BB6C3D00778589 /* AFURLConnectionOperation.h */ = {isa = PBXFileReference; fileEncoding = 4; lastKnownFileType = sourcecode.c.h; path = AFURLConnectionOperation.h; sourceTree = "<group>"; };
		4D9054C915BB6C3D00778589 /* AFURLConnectionOperation.m */ = {isa = PBXFileReference; fileEncoding = 4; lastKnownFileType = sourcecode.c.objc; path = AFURLConnectionOperation.m; sourceTree = "<group>"; };
		4D9054CA15BB6C3D00778589 /* AFXMLRequestOperation.h */ = {isa = PBXFileReference; fileEncoding = 4; lastKnownFileType = sourcecode.c.h; path = AFXMLRequestOperation.h; sourceTree = "<group>"; };
		4D9054CB15BB6C3D00778589 /* AFXMLRequestOperation.m */ = {isa = PBXFileReference; fileEncoding = 4; lastKnownFileType = sourcecode.c.objc; path = AFXMLRequestOperation.m; sourceTree = "<group>"; };
		4D9054CC15BB6C3D00778589 /* UIImageView+AFNetworking.h */ = {isa = PBXFileReference; fileEncoding = 4; lastKnownFileType = sourcecode.c.h; path = "UIImageView+AFNetworking.h"; sourceTree = "<group>"; };
		4D9054CD15BB6C3D00778589 /* UIImageView+AFNetworking.m */ = {isa = PBXFileReference; fileEncoding = 4; lastKnownFileType = sourcecode.c.objc; path = "UIImageView+AFNetworking.m"; sourceTree = "<group>"; };
		4D9054FA15BB6C3D00778589 /* JSONKit.h */ = {isa = PBXFileReference; fileEncoding = 4; lastKnownFileType = sourcecode.c.h; path = JSONKit.h; sourceTree = "<group>"; };
		4D9054FB15BB6C3D00778589 /* JSONKit.m */ = {isa = PBXFileReference; fileEncoding = 4; lastKnownFileType = sourcecode.c.objc; path = JSONKit.m; sourceTree = "<group>"; };
		4D90553515BB6D4400778589 /* SystemConfiguration.framework */ = {isa = PBXFileReference; lastKnownFileType = wrapper.framework; name = SystemConfiguration.framework; path = System/Library/Frameworks/SystemConfiguration.framework; sourceTree = SDKROOT; };
		4D90553715BB6D4900778589 /* CFNetwork.framework */ = {isa = PBXFileReference; lastKnownFileType = wrapper.framework; name = CFNetwork.framework; path = System/Library/Frameworks/CFNetwork.framework; sourceTree = SDKROOT; };
		4DEB306615BB57DF006DDE62 /* GetIt.app */ = {isa = PBXFileReference; explicitFileType = wrapper.application; includeInIndex = 0; path = GetIt.app; sourceTree = BUILT_PRODUCTS_DIR; };
		4DEB306A15BB57DF006DDE62 /* UIKit.framework */ = {isa = PBXFileReference; lastKnownFileType = wrapper.framework; name = UIKit.framework; path = System/Library/Frameworks/UIKit.framework; sourceTree = SDKROOT; };
		4DEB306C15BB57DF006DDE62 /* Foundation.framework */ = {isa = PBXFileReference; lastKnownFileType = wrapper.framework; name = Foundation.framework; path = System/Library/Frameworks/Foundation.framework; sourceTree = SDKROOT; };
		4DEB306E15BB57DF006DDE62 /* CoreGraphics.framework */ = {isa = PBXFileReference; lastKnownFileType = wrapper.framework; name = CoreGraphics.framework; path = System/Library/Frameworks/CoreGraphics.framework; sourceTree = SDKROOT; };
		4DEB307215BB57DF006DDE62 /* GetIt-Info.plist */ = {isa = PBXFileReference; lastKnownFileType = text.plist.xml; path = "GetIt-Info.plist"; sourceTree = "<group>"; };
		4DEB307415BB57DF006DDE62 /* en */ = {isa = PBXFileReference; lastKnownFileType = text.plist.strings; name = en; path = en.lproj/InfoPlist.strings; sourceTree = "<group>"; };
		4DEB307615BB57DF006DDE62 /* main.m */ = {isa = PBXFileReference; lastKnownFileType = sourcecode.c.objc; path = main.m; sourceTree = "<group>"; };
		4DEB307815BB57DF006DDE62 /* GetIt-Prefix.pch */ = {isa = PBXFileReference; lastKnownFileType = sourcecode.c.h; path = "GetIt-Prefix.pch"; sourceTree = "<group>"; };
		4DEB307915BB57DF006DDE62 /* AppDelegate.h */ = {isa = PBXFileReference; lastKnownFileType = sourcecode.c.h; path = AppDelegate.h; sourceTree = "<group>"; };
		4DEB307A15BB57DF006DDE62 /* AppDelegate.m */ = {isa = PBXFileReference; lastKnownFileType = sourcecode.c.objc; path = AppDelegate.m; sourceTree = "<group>"; };
		4DEB307D15BB57DF006DDE62 /* en */ = {isa = PBXFileReference; lastKnownFileType = file.storyboard; name = en; path = en.lproj/MainStoryboard_iPhone.storyboard; sourceTree = "<group>"; };
		4DEB308015BB57DF006DDE62 /* en */ = {isa = PBXFileReference; lastKnownFileType = file.storyboard; name = en; path = en.lproj/MainStoryboard_iPad.storyboard; sourceTree = "<group>"; };
		4DEB308215BB57DF006DDE62 /* ViewController.h */ = {isa = PBXFileReference; lastKnownFileType = sourcecode.c.h; path = ViewController.h; sourceTree = "<group>"; };
		4DEB308315BB57DF006DDE62 /* ViewController.m */ = {isa = PBXFileReference; lastKnownFileType = sourcecode.c.objc; path = ViewController.m; sourceTree = "<group>"; };
		4DEB309015BB5DEA006DDE62 /* DealDetailViewController.h */ = {isa = PBXFileReference; fileEncoding = 4; lastKnownFileType = sourcecode.c.h; path = DealDetailViewController.h; sourceTree = "<group>"; };
		4DEB309115BB5DEA006DDE62 /* DealDetailViewController.m */ = {isa = PBXFileReference; fileEncoding = 4; lastKnownFileType = sourcecode.c.objc; path = DealDetailViewController.m; sourceTree = "<group>"; };
		4DEB309315BB60E7006DDE62 /* FilterViewController.h */ = {isa = PBXFileReference; fileEncoding = 4; lastKnownFileType = sourcecode.c.h; path = FilterViewController.h; sourceTree = "<group>"; };
		4DEB309415BB60E7006DDE62 /* FilterViewController.m */ = {isa = PBXFileReference; fileEncoding = 4; lastKnownFileType = sourcecode.c.objc; path = FilterViewController.m; sourceTree = "<group>"; };
/* End PBXFileReference section */

/* Begin PBXFrameworksBuildPhase section */
		4DEB306315BB57DF006DDE62 /* Frameworks */ = {
			isa = PBXFrameworksBuildPhase;
			buildActionMask = 2147483647;
			files = (
				4D90553815BB6D4900778589 /* CFNetwork.framework in Frameworks */,
				4D90553615BB6D4400778589 /* SystemConfiguration.framework in Frameworks */,
				4DEB306B15BB57DF006DDE62 /* UIKit.framework in Frameworks */,
				4DEB306D15BB57DF006DDE62 /* Foundation.framework in Frameworks */,
				4DEB306F15BB57DF006DDE62 /* CoreGraphics.framework in Frameworks */,
			);
			runOnlyForDeploymentPostprocessing = 0;
		};
/* End PBXFrameworksBuildPhase section */

/* Begin PBXGroup section */
		4D9054B615BB6C3D00778589 /* External */ = {
			isa = PBXGroup;
			children = (
				4D9054B715BB6C3D00778589 /* AFNetworking */,
				4D9054F815BB6C3D00778589 /* JSONKit */,
			);
			path = External;
			sourceTree = "<group>";
		};
		4D9054B715BB6C3D00778589 /* AFNetworking */ = {
			isa = PBXGroup;
			children = (
				4D9054B815BB6C3D00778589 /* AFNetworking */,
			);
			path = AFNetworking;
			sourceTree = "<group>";
		};
		4D9054B815BB6C3D00778589 /* AFNetworking */ = {
			isa = PBXGroup;
			children = (
				4D9054B915BB6C3D00778589 /* AFHTTPClient.h */,
				4D9054BA15BB6C3D00778589 /* AFHTTPClient.m */,
				4D9054BB15BB6C3D00778589 /* AFHTTPRequestOperation.h */,
				4D9054BC15BB6C3D00778589 /* AFHTTPRequestOperation.m */,
				4D9054BD15BB6C3D00778589 /* AFImageRequestOperation.h */,
				4D9054BE15BB6C3D00778589 /* AFImageRequestOperation.m */,
				4D9054BF15BB6C3D00778589 /* AFJSONRequestOperation.h */,
				4D9054C015BB6C3D00778589 /* AFJSONRequestOperation.m */,
				4D9054C115BB6C3D00778589 /* AFJSONUtilities.h */,
				4D9054C215BB6C3D00778589 /* AFJSONUtilities.m */,
				4D9054C315BB6C3D00778589 /* AFNetworkActivityIndicatorManager.h */,
				4D9054C415BB6C3D00778589 /* AFNetworkActivityIndicatorManager.m */,
				4D9054C515BB6C3D00778589 /* AFNetworking.h */,
				4D9054C615BB6C3D00778589 /* AFPropertyListRequestOperation.h */,
				4D9054C715BB6C3D00778589 /* AFPropertyListRequestOperation.m */,
				4D9054C815BB6C3D00778589 /* AFURLConnectionOperation.h */,
				4D9054C915BB6C3D00778589 /* AFURLConnectionOperation.m */,
				4D9054CA15BB6C3D00778589 /* AFXMLRequestOperation.h */,
				4D9054CB15BB6C3D00778589 /* AFXMLRequestOperation.m */,
				4D9054CC15BB6C3D00778589 /* UIImageView+AFNetworking.h */,
				4D9054CD15BB6C3D00778589 /* UIImageView+AFNetworking.m */,
			);
			path = AFNetworking;
			sourceTree = "<group>";
		};
		4D9054F815BB6C3D00778589 /* JSONKit */ = {
			isa = PBXGroup;
			children = (
				4D9054FA15BB6C3D00778589 /* JSONKit.h */,
				4D9054FB15BB6C3D00778589 /* JSONKit.m */,
			);
			path = JSONKit;
			sourceTree = "<group>";
		};
		4DEB305B15BB57DF006DDE62 = {
			isa = PBXGroup;
			children = (
				4D90553715BB6D4900778589 /* CFNetwork.framework */,
				4D90553515BB6D4400778589 /* SystemConfiguration.framework */,
				4D9054B615BB6C3D00778589 /* External */,
				4DEB307015BB57DF006DDE62 /* GetIt */,
				4DEB306915BB57DF006DDE62 /* Frameworks */,
				4DEB306715BB57DF006DDE62 /* Products */,
			);
			sourceTree = "<group>";
		};
		4DEB306715BB57DF006DDE62 /* Products */ = {
			isa = PBXGroup;
			children = (
				4DEB306615BB57DF006DDE62 /* GetIt.app */,
			);
			name = Products;
			sourceTree = "<group>";
		};
		4DEB306915BB57DF006DDE62 /* Frameworks */ = {
			isa = PBXGroup;
			children = (
				4DEB306A15BB57DF006DDE62 /* UIKit.framework */,
				4DEB306C15BB57DF006DDE62 /* Foundation.framework */,
				4DEB306E15BB57DF006DDE62 /* CoreGraphics.framework */,
			);
			name = Frameworks;
			sourceTree = "<group>";
		};
		4DEB307015BB57DF006DDE62 /* GetIt */ = {
			isa = PBXGroup;
			children = (
				4DEB307915BB57DF006DDE62 /* AppDelegate.h */,
				4DEB307A15BB57DF006DDE62 /* AppDelegate.m */,
				4DEB307C15BB57DF006DDE62 /* MainStoryboard_iPhone.storyboard */,
				4DEB307F15BB57DF006DDE62 /* MainStoryboard_iPad.storyboard */,
				4DEB308215BB57DF006DDE62 /* ViewController.h */,
				4DEB308315BB57DF006DDE62 /* ViewController.m */,
				4DEB309015BB5DEA006DDE62 /* DealDetailViewController.h */,
				4DEB309115BB5DEA006DDE62 /* DealDetailViewController.m */,
				4DEB309315BB60E7006DDE62 /* FilterViewController.h */,
				4DEB309415BB60E7006DDE62 /* FilterViewController.m */,
				4DEB307115BB57DF006DDE62 /* Supporting Files */,
			);
			path = GetIt;
			sourceTree = "<group>";
		};
		4DEB307115BB57DF006DDE62 /* Supporting Files */ = {
			isa = PBXGroup;
			children = (
				4DEB307215BB57DF006DDE62 /* GetIt-Info.plist */,
				4DEB307315BB57DF006DDE62 /* InfoPlist.strings */,
				4DEB307615BB57DF006DDE62 /* main.m */,
				4DEB307815BB57DF006DDE62 /* GetIt-Prefix.pch */,
			);
			name = "Supporting Files";
			sourceTree = "<group>";
		};
/* End PBXGroup section */

/* Begin PBXNativeTarget section */
		4DEB306515BB57DF006DDE62 /* GetIt */ = {
			isa = PBXNativeTarget;
			buildConfigurationList = 4DEB308715BB57DF006DDE62 /* Build configuration list for PBXNativeTarget "GetIt" */;
			buildPhases = (
				4DEB306215BB57DF006DDE62 /* Sources */,
				4DEB306315BB57DF006DDE62 /* Frameworks */,
				4DEB306415BB57DF006DDE62 /* Resources */,
			);
			buildRules = (
			);
			dependencies = (
			);
			name = GetIt;
			productName = GetIt;
			productReference = 4DEB306615BB57DF006DDE62 /* GetIt.app */;
			productType = "com.apple.product-type.application";
		};
/* End PBXNativeTarget section */

/* Begin PBXProject section */
		4DEB305D15BB57DF006DDE62 /* Project object */ = {
			isa = PBXProject;
			attributes = {
				LastUpgradeCheck = 0440;
				ORGANIZATIONNAME = GetIt;
			};
			buildConfigurationList = 4DEB306015BB57DF006DDE62 /* Build configuration list for PBXProject "GetIt" */;
			compatibilityVersion = "Xcode 3.2";
			developmentRegion = English;
			hasScannedForEncodings = 0;
			knownRegions = (
				en,
			);
			mainGroup = 4DEB305B15BB57DF006DDE62;
			productRefGroup = 4DEB306715BB57DF006DDE62 /* Products */;
			projectDirPath = "";
			projectRoot = "";
			targets = (
				4DEB306515BB57DF006DDE62 /* GetIt */,
			);
		};
/* End PBXProject section */

/* Begin PBXResourcesBuildPhase section */
		4DEB306415BB57DF006DDE62 /* Resources */ = {
			isa = PBXResourcesBuildPhase;
			buildActionMask = 2147483647;
			files = (
				4DEB307515BB57DF006DDE62 /* InfoPlist.strings in Resources */,
				4DEB307E15BB57DF006DDE62 /* MainStoryboard_iPhone.storyboard in Resources */,
				4DEB308115BB57DF006DDE62 /* MainStoryboard_iPad.storyboard in Resources */,
			);
			runOnlyForDeploymentPostprocessing = 0;
		};
/* End PBXResourcesBuildPhase section */

/* Begin PBXSourcesBuildPhase section */
		4DEB306215BB57DF006DDE62 /* Sources */ = {
			isa = PBXSourcesBuildPhase;
			buildActionMask = 2147483647;
			files = (
				4DEB307715BB57DF006DDE62 /* main.m in Sources */,
				4DEB307B15BB57DF006DDE62 /* AppDelegate.m in Sources */,
				4DEB308415BB57DF006DDE62 /* ViewController.m in Sources */,
				4DEB309215BB5DEA006DDE62 /* DealDetailViewController.m in Sources */,
				4DEB309515BB60E7006DDE62 /* FilterViewController.m in Sources */,
				4D90550515BB6C3D00778589 /* AFHTTPClient.m in Sources */,
				4D90550615BB6C3D00778589 /* AFHTTPRequestOperation.m in Sources */,
				4D90550715BB6C3D00778589 /* AFImageRequestOperation.m in Sources */,
				4D90550815BB6C3D00778589 /* AFJSONRequestOperation.m in Sources */,
				4D90550915BB6C3D00778589 /* AFJSONUtilities.m in Sources */,
				4D90550A15BB6C3D00778589 /* AFNetworkActivityIndicatorManager.m in Sources */,
				4D90550B15BB6C3D00778589 /* AFPropertyListRequestOperation.m in Sources */,
				4D90550C15BB6C3D00778589 /* AFURLConnectionOperation.m in Sources */,
				4D90550D15BB6C3D00778589 /* AFXMLRequestOperation.m in Sources */,
				4D90550E15BB6C3D00778589 /* UIImageView+AFNetworking.m in Sources */,
				4D90552615BB6C3D00778589 /* JSONKit.m in Sources */,
			);
			runOnlyForDeploymentPostprocessing = 0;
		};
/* End PBXSourcesBuildPhase section */

/* Begin PBXVariantGroup section */
		4DEB307315BB57DF006DDE62 /* InfoPlist.strings */ = {
			isa = PBXVariantGroup;
			children = (
				4DEB307415BB57DF006DDE62 /* en */,
			);
			name = InfoPlist.strings;
			sourceTree = "<group>";
		};
		4DEB307C15BB57DF006DDE62 /* MainStoryboard_iPhone.storyboard */ = {
			isa = PBXVariantGroup;
			children = (
				4DEB307D15BB57DF006DDE62 /* en */,
			);
			name = MainStoryboard_iPhone.storyboard;
			sourceTree = "<group>";
		};
		4DEB307F15BB57DF006DDE62 /* MainStoryboard_iPad.storyboard */ = {
			isa = PBXVariantGroup;
			children = (
				4DEB308015BB57DF006DDE62 /* en */,
			);
			name = MainStoryboard_iPad.storyboard;
			sourceTree = "<group>";
		};
/* End PBXVariantGroup section */

/* Begin XCBuildConfiguration section */
		4DEB308515BB57DF006DDE62 /* Debug */ = {
			isa = XCBuildConfiguration;
			buildSettings = {
				ALWAYS_SEARCH_USER_PATHS = NO;
				ARCHS = "$(ARCHS_STANDARD_32_BIT)";
				CLANG_CXX_LANGUAGE_STANDARD = "gnu++0x";
				CLANG_ENABLE_OBJC_ARC = YES;
				CLANG_WARN__DUPLICATE_METHOD_MATCH = YES;
				"CODE_SIGN_IDENTITY[sdk=iphoneos*]" = "iPhone Developer";
				COPY_PHASE_STRIP = NO;
				GCC_C_LANGUAGE_STANDARD = gnu99;
				GCC_DYNAMIC_NO_PIC = NO;
				GCC_OPTIMIZATION_LEVEL = 0;
				GCC_PREPROCESSOR_DEFINITIONS = (
					"DEBUG=1",
					"$(inherited)",
				);
				GCC_SYMBOLS_PRIVATE_EXTERN = NO;
				GCC_VERSION = com.apple.compilers.llvm.clang.1_0;
				GCC_WARN_ABOUT_RETURN_TYPE = YES;
				GCC_WARN_UNINITIALIZED_AUTOS = YES;
				GCC_WARN_UNUSED_VARIABLE = YES;
				IPHONEOS_DEPLOYMENT_TARGET = 5.1;
				SDKROOT = iphoneos;
				TARGETED_DEVICE_FAMILY = "1,2";
			};
			name = Debug;
		};
		4DEB308615BB57DF006DDE62 /* Release */ = {
			isa = XCBuildConfiguration;
			buildSettings = {
				ALWAYS_SEARCH_USER_PATHS = NO;
				ARCHS = "$(ARCHS_STANDARD_32_BIT)";
				CLANG_CXX_LANGUAGE_STANDARD = "gnu++0x";
				CLANG_ENABLE_OBJC_ARC = YES;
				CLANG_WARN__DUPLICATE_METHOD_MATCH = YES;
				"CODE_SIGN_IDENTITY[sdk=iphoneos*]" = "iPhone Developer";
				COPY_PHASE_STRIP = YES;
				GCC_C_LANGUAGE_STANDARD = gnu99;
				GCC_VERSION = com.apple.compilers.llvm.clang.1_0;
				GCC_WARN_ABOUT_RETURN_TYPE = YES;
				GCC_WARN_UNINITIALIZED_AUTOS = YES;
				GCC_WARN_UNUSED_VARIABLE = YES;
				IPHONEOS_DEPLOYMENT_TARGET = 5.1;
				OTHER_CFLAGS = "-DNS_BLOCK_ASSERTIONS=1";
				SDKROOT = iphoneos;
				TARGETED_DEVICE_FAMILY = "1,2";
				VALIDATE_PRODUCT = YES;
			};
			name = Release;
		};
		4DEB308815BB57DF006DDE62 /* Debug */ = {
			isa = XCBuildConfiguration;
			buildSettings = {
				GCC_PRECOMPILE_PREFIX_HEADER = YES;
				GCC_PREFIX_HEADER = "GetIt/GetIt-Prefix.pch";
				INFOPLIST_FILE = "GetIt/GetIt-Info.plist";
				PRODUCT_NAME = "$(TARGET_NAME)";
				WRAPPER_EXTENSION = app;
			};
			name = Debug;
		};
		4DEB308915BB57DF006DDE62 /* Release */ = {
			isa = XCBuildConfiguration;
			buildSettings = {
				GCC_PRECOMPILE_PREFIX_HEADER = YES;
				GCC_PREFIX_HEADER = "GetIt/GetIt-Prefix.pch";
				INFOPLIST_FILE = "GetIt/GetIt-Info.plist";
				PRODUCT_NAME = "$(TARGET_NAME)";
				WRAPPER_EXTENSION = app;
			};
			name = Release;
		};
/* End XCBuildConfiguration section */

/* Begin XCConfigurationList section */
		4DEB306015BB57DF006DDE62 /* Build configuration list for PBXProject "GetIt" */ = {
			isa = XCConfigurationList;
			buildConfigurations = (
				4DEB308515BB57DF006DDE62 /* Debug */,
				4DEB308615BB57DF006DDE62 /* Release */,
			);
			defaultConfigurationIsVisible = 0;
			defaultConfigurationName = Release;
		};
		4DEB308715BB57DF006DDE62 /* Build configuration list for PBXNativeTarget "GetIt" */ = {
			isa = XCConfigurationList;
			buildConfigurations = (
				4DEB308815BB57DF006DDE62 /* Debug */,
				4DEB308915BB57DF006DDE62 /* Release */,
			);
			defaultConfigurationIsVisible = 0;
			defaultConfigurationName = Release;
		};
/* End XCConfigurationList section */
	};
	rootObject = 4DEB305D15BB57DF006DDE62 /* Project object */;
}
